// !$*UTF8*$!
{
	archiveVersion = 1;
	classes = {
	};
	objectVersion = 46;
	objects = {

/* Begin PBXBuildFile section */
		00E356F31AD99517003FC87E /* verifyTests.m in Sources */ = {isa = PBXBuildFile; fileRef = 00E356F21AD99517003FC87E /* verifyTests.m */; };
		07D933F2410F2163DD1C4D77 /* libPods-verify-verifyTests.a in Frameworks */ = {isa = PBXBuildFile; fileRef = DE91FFF9A3C08A20664CC425 /* libPods-verify-verifyTests.a */; };
		13B07FBC1A68108700A75B9A /* AppDelegate.m in Sources */ = {isa = PBXBuildFile; fileRef = 13B07FB01A68108700A75B9A /* AppDelegate.m */; };
		13B07FBF1A68108700A75B9A /* Images.xcassets in Resources */ = {isa = PBXBuildFile; fileRef = 13B07FB51A68108700A75B9A /* Images.xcassets */; };
		13B07FC11A68108700A75B9A /* main.m in Sources */ = {isa = PBXBuildFile; fileRef = 13B07FB71A68108700A75B9A /* main.m */; };
		2D02E4BD1E0B4A84006451C7 /* Images.xcassets in Resources */ = {isa = PBXBuildFile; fileRef = 13B07FB51A68108700A75B9A /* Images.xcassets */; };
		2D02E4BF1E0B4AB3006451C7 /* main.m in Sources */ = {isa = PBXBuildFile; fileRef = 13B07FB71A68108700A75B9A /* main.m */; };
		2DCD954D1E0B4F2C00145EB5 /* verifyTests.m in Sources */ = {isa = PBXBuildFile; fileRef = 00E356F21AD99517003FC87E /* verifyTests.m */; };
		306779EC2C732C84BE721F2E /* libPods-verify.a in Frameworks */ = {isa = PBXBuildFile; fileRef = BBDDC3F62288518E925A66EB /* libPods-verify.a */; };
		7BA89AFEFCAE867266658724 /* libPods-verify-tvOSTests.a in Frameworks */ = {isa = PBXBuildFile; fileRef = 9A8B8477099EF67C52794711 /* libPods-verify-tvOSTests.a */; };
		815BD72F285CCB5855D0EA3F /* libPods-verify-tvOS.a in Frameworks */ = {isa = PBXBuildFile; fileRef = 6F5BBA8E1C63D174E11E4303 /* libPods-verify-tvOS.a */; };
		81AB9BB82411601600AC10FF /* LaunchScreen.storyboard in Resources */ = {isa = PBXBuildFile; fileRef = 81AB9BB72411601600AC10FF /* LaunchScreen.storyboard */; };
		B605BFC226EB3C97000312E6 /* KeyGenError.swift in Sources */ = {isa = PBXBuildFile; fileRef = B605BFC126EB3C97000312E6 /* KeyGenError.swift */; };
		B605BFCB26EB7AE5000312E6 /* RNBiometrics.swift in Sources */ = {isa = PBXBuildFile; fileRef = B605BFCA26EB7AE5000312E6 /* RNBiometrics.swift */; };
		B605BFCD26EB7AF3000312E6 /* BiometricsError.swift in Sources */ = {isa = PBXBuildFile; fileRef = B605BFCC26EB7AF3000312E6 /* BiometricsError.swift */; };
		B605BFCF26EB7B05000312E6 /* RNBiometrics.m in Sources */ = {isa = PBXBuildFile; fileRef = B605BFCE26EB7B05000312E6 /* RNBiometrics.m */; };
		B6148B8A26E8E8040008F06D /* RNKeyGen.m in Sources */ = {isa = PBXBuildFile; fileRef = B6148B8926E8E7FC0008F06D /* RNKeyGen.m */; };
		B6148B8B26E8E82F0008F06D /* RNKeyGen.swift in Sources */ = {isa = PBXBuildFile; fileRef = B6148B8826E8E7E90008F06D /* RNKeyGen.swift */; };
		B6148B9926E9FF0B0008F06D /* GenericPasswordConvertible.swift in Sources */ = {isa = PBXBuildFile; fileRef = B6148B9826E9FF0B0008F06D /* GenericPasswordConvertible.swift */; };
		B6148B9B26E9FF690008F06D /* GenericPasswordStore.swift in Sources */ = {isa = PBXBuildFile; fileRef = B6148B9A26E9FF690008F06D /* GenericPasswordStore.swift */; };
		B6148B9D26E9FF8C0008F06D /* KeyStoreError.swift in Sources */ = {isa = PBXBuildFile; fileRef = B6148B9C26E9FF8C0008F06D /* KeyStoreError.swift */; };
		B61CF5A0270F111C00DBF12B /* RNPush.swift in Sources */ = {isa = PBXBuildFile; fileRef = B61CF59F270F111C00DBF12B /* RNPush.swift */; };
		B61CF5A2270F113600DBF12B /* RNPush.m in Sources */ = {isa = PBXBuildFile; fileRef = B61CF5A1270F113600DBF12B /* RNPush.m */; };
		B62B679B26E8ABDF009A86A6 /* RNCipher.m in Sources */ = {isa = PBXBuildFile; fileRef = B62B679926E8ABC0009A86A6 /* RNCipher.m */; };
		B66AE57F26DF8BB000DD63C3 /* Utilities.swift in Sources */ = {isa = PBXBuildFile; fileRef = B66AE57E26DF8BB000DD63C3 /* Utilities.swift */; };
		B66AE58126DF8BF900DD63C3 /* Utilities.m in Sources */ = {isa = PBXBuildFile; fileRef = B66AE58026DF8BF900DD63C3 /* Utilities.m */; };
		B67071EA26F205F100CE822C /* ExportManager.swift in Sources */ = {isa = PBXBuildFile; fileRef = B67071E926F205F100CE822C /* ExportManager.swift */; };
		B6931E1026F49F56008571D4 /* LaunchScreenBAFL.storyboard in Resources */ = {isa = PBXBuildFile; fileRef = B6931E0F26F49F56008571D4 /* LaunchScreenBAFL.storyboard */; };
		B69691AF273D2CC700D4F0D4 /* Firebase in Resources */ = {isa = PBXBuildFile; fileRef = B69691AE273D2CC700D4F0D4 /* Firebase */; };
		B6A0BB8626F49A7800B09594 /* LaunchScreenFBG.storyboard in Resources */ = {isa = PBXBuildFile; fileRef = B6A0BB8526F49A7800B09594 /* LaunchScreenFBG.storyboard */; };
		B6AD7CFF273A5AAE009C0E98 /* UIDevice+JailBroken.swift in Sources */ = {isa = PBXBuildFile; fileRef = B6AD7CFE273A5AAE009C0E98 /* UIDevice+JailBroken.swift */; };
		B6DEDB8526E8AE7F007D7BA1 /* RNCipher.swift in Sources */ = {isa = PBXBuildFile; fileRef = B62B679A26E8ABCD009A86A6 /* RNCipher.swift */; };
/* End PBXBuildFile section */

/* Begin PBXContainerItemProxy section */
		00E356F41AD99517003FC87E /* PBXContainerItemProxy */ = {
			isa = PBXContainerItemProxy;
			containerPortal = 83CBB9F71A601CBA00E9B192 /* Project object */;
			proxyType = 1;
			remoteGlobalIDString = 13B07F861A680F5B00A75B9A;
			remoteInfo = verify;
		};
		2D02E4911E0B4A5D006451C7 /* PBXContainerItemProxy */ = {
			isa = PBXContainerItemProxy;
			containerPortal = 83CBB9F71A601CBA00E9B192 /* Project object */;
			proxyType = 1;
			remoteGlobalIDString = 2D02E47A1E0B4A5D006451C7;
			remoteInfo = "verify-tvOS";
		};
/* End PBXContainerItemProxy section */

/* Begin PBXFileReference section */
		00E356EE1AD99517003FC87E /* verifyTests.xctest */ = {isa = PBXFileReference; explicitFileType = wrapper.cfbundle; includeInIndex = 0; path = verifyTests.xctest; sourceTree = BUILT_PRODUCTS_DIR; };
		00E356F11AD99517003FC87E /* Info.plist */ = {isa = PBXFileReference; lastKnownFileType = text.plist.xml; path = Info.plist; sourceTree = "<group>"; };
		00E356F21AD99517003FC87E /* verifyTests.m */ = {isa = PBXFileReference; lastKnownFileType = sourcecode.c.objc; path = verifyTests.m; sourceTree = "<group>"; };
		00F39A729F76B9E193C5C39F /* Pods-verify.releasealfa.xcconfig */ = {isa = PBXFileReference; includeInIndex = 1; lastKnownFileType = text.xcconfig; name = "Pods-verify.releasealfa.xcconfig"; path = "Target Support Files/Pods-verify/Pods-verify.releasealfa.xcconfig"; sourceTree = "<group>"; };
		023896B7B6D9432867093D74 /* Pods-verify-tvOS.release.xcconfig */ = {isa = PBXFileReference; includeInIndex = 1; lastKnownFileType = text.xcconfig; name = "Pods-verify-tvOS.release.xcconfig"; path = "Target Support Files/Pods-verify-tvOS/Pods-verify-tvOS.release.xcconfig"; sourceTree = "<group>"; };
		03672168C15D7591D66E6EFD /* Pods-verify-tvOSTests.releasealfa.xcconfig */ = {isa = PBXFileReference; includeInIndex = 1; lastKnownFileType = text.xcconfig; name = "Pods-verify-tvOSTests.releasealfa.xcconfig"; path = "Target Support Files/Pods-verify-tvOSTests/Pods-verify-tvOSTests.releasealfa.xcconfig"; sourceTree = "<group>"; };
		03BD46C91662E50B4A2E6950 /* Pods-verify-tvOS.releasealfa.xcconfig */ = {isa = PBXFileReference; includeInIndex = 1; lastKnownFileType = text.xcconfig; name = "Pods-verify-tvOS.releasealfa.xcconfig"; path = "Target Support Files/Pods-verify-tvOS/Pods-verify-tvOS.releasealfa.xcconfig"; sourceTree = "<group>"; };
		13B07F961A680F5B00A75B9A /* HRT Verify.app */ = {isa = PBXFileReference; explicitFileType = wrapper.application; includeInIndex = 0; path = "HRT Verify.app"; sourceTree = BUILT_PRODUCTS_DIR; };
		13B07FAF1A68108700A75B9A /* AppDelegate.h */ = {isa = PBXFileReference; fileEncoding = 4; lastKnownFileType = sourcecode.c.h; name = AppDelegate.h; path = verify/AppDelegate.h; sourceTree = "<group>"; };
		13B07FB01A68108700A75B9A /* AppDelegate.m */ = {isa = PBXFileReference; fileEncoding = 4; lastKnownFileType = sourcecode.c.objc; name = AppDelegate.m; path = verify/AppDelegate.m; sourceTree = "<group>"; };
		13B07FB51A68108700A75B9A /* Images.xcassets */ = {isa = PBXFileReference; lastKnownFileType = folder.assetcatalog; name = Images.xcassets; path = verify/Images.xcassets; sourceTree = "<group>"; };
		13B07FB61A68108700A75B9A /* Info.plist */ = {isa = PBXFileReference; fileEncoding = 4; lastKnownFileType = text.plist.xml; name = Info.plist; path = verify/Info.plist; sourceTree = "<group>"; };
		13B07FB71A68108700A75B9A /* main.m */ = {isa = PBXFileReference; fileEncoding = 4; lastKnownFileType = sourcecode.c.objc; name = main.m; path = verify/main.m; sourceTree = "<group>"; };
		1D4DF8B8357EF0D2E5D7C948 /* Pods-verify-tvOS.releasefbg.xcconfig */ = {isa = PBXFileReference; includeInIndex = 1; lastKnownFileType = text.xcconfig; name = "Pods-verify-tvOS.releasefbg.xcconfig"; path = "Target Support Files/Pods-verify-tvOS/Pods-verify-tvOS.releasefbg.xcconfig"; sourceTree = "<group>"; };
		2D02E47B1E0B4A5D006451C7 /* verify-tvOS.app */ = {isa = PBXFileReference; explicitFileType = wrapper.application; includeInIndex = 0; path = "verify-tvOS.app"; sourceTree = BUILT_PRODUCTS_DIR; };
		2D02E4901E0B4A5D006451C7 /* verify-tvOSTests.xctest */ = {isa = PBXFileReference; explicitFileType = wrapper.cfbundle; includeInIndex = 0; path = "verify-tvOSTests.xctest"; sourceTree = BUILT_PRODUCTS_DIR; };
		30DC1CB0E1B8B81E1F314B87 /* Pods-verify-tvOSTests.release.xcconfig */ = {isa = PBXFileReference; includeInIndex = 1; lastKnownFileType = text.xcconfig; name = "Pods-verify-tvOSTests.release.xcconfig"; path = "Target Support Files/Pods-verify-tvOSTests/Pods-verify-tvOSTests.release.xcconfig"; sourceTree = "<group>"; };
		33CCC7F46F7EAE7A379651BF /* Pods-verify.releasefbg.xcconfig */ = {isa = PBXFileReference; includeInIndex = 1; lastKnownFileType = text.xcconfig; name = "Pods-verify.releasefbg.xcconfig"; path = "Target Support Files/Pods-verify/Pods-verify.releasefbg.xcconfig"; sourceTree = "<group>"; };
		4E07064DD2638352297DC0E2 /* Pods-verify.debugfbg.xcconfig */ = {isa = PBXFileReference; includeInIndex = 1; lastKnownFileType = text.xcconfig; name = "Pods-verify.debugfbg.xcconfig"; path = "Target Support Files/Pods-verify/Pods-verify.debugfbg.xcconfig"; sourceTree = "<group>"; };
		4F8B638D02DBF3D92BDF4D24 /* Pods-verify-tvOS.debug.xcconfig */ = {isa = PBXFileReference; includeInIndex = 1; lastKnownFileType = text.xcconfig; name = "Pods-verify-tvOS.debug.xcconfig"; path = "Target Support Files/Pods-verify-tvOS/Pods-verify-tvOS.debug.xcconfig"; sourceTree = "<group>"; };
		503D9D49179922E69CAB81FA /* Pods-verify-verifyTests.debugfbg.xcconfig */ = {isa = PBXFileReference; includeInIndex = 1; lastKnownFileType = text.xcconfig; name = "Pods-verify-verifyTests.debugfbg.xcconfig"; path = "Target Support Files/Pods-verify-verifyTests/Pods-verify-verifyTests.debugfbg.xcconfig"; sourceTree = "<group>"; };
		6F5BBA8E1C63D174E11E4303 /* libPods-verify-tvOS.a */ = {isa = PBXFileReference; explicitFileType = archive.ar; includeInIndex = 0; path = "libPods-verify-tvOS.a"; sourceTree = BUILT_PRODUCTS_DIR; };
		7B09153357C7AE82D7F45DC4 /* Pods-verify-verifyTests.debugalfa.xcconfig */ = {isa = PBXFileReference; includeInIndex = 1; lastKnownFileType = text.xcconfig; name = "Pods-verify-verifyTests.debugalfa.xcconfig"; path = "Target Support Files/Pods-verify-verifyTests/Pods-verify-verifyTests.debugalfa.xcconfig"; sourceTree = "<group>"; };
		81AB9BB72411601600AC10FF /* LaunchScreen.storyboard */ = {isa = PBXFileReference; fileEncoding = 4; lastKnownFileType = file.storyboard; name = LaunchScreen.storyboard; path = verify/LaunchScreen.storyboard; sourceTree = "<group>"; };
		83BE7E6A0FF83F41068B4F34 /* Pods-verify-verifyTests.release.xcconfig */ = {isa = PBXFileReference; includeInIndex = 1; lastKnownFileType = text.xcconfig; name = "Pods-verify-verifyTests.release.xcconfig"; path = "Target Support Files/Pods-verify-verifyTests/Pods-verify-verifyTests.release.xcconfig"; sourceTree = "<group>"; };
		8FC1AED476BD1CAEA3BCCC37 /* Pods-verify-tvOSTests.debug.xcconfig */ = {isa = PBXFileReference; includeInIndex = 1; lastKnownFileType = text.xcconfig; name = "Pods-verify-tvOSTests.debug.xcconfig"; path = "Target Support Files/Pods-verify-tvOSTests/Pods-verify-tvOSTests.debug.xcconfig"; sourceTree = "<group>"; };
		915FF6897EB1EEA7334D5CB7 /* Pods-verify-tvOSTests.debugalfa.xcconfig */ = {isa = PBXFileReference; includeInIndex = 1; lastKnownFileType = text.xcconfig; name = "Pods-verify-tvOSTests.debugalfa.xcconfig"; path = "Target Support Files/Pods-verify-tvOSTests/Pods-verify-tvOSTests.debugalfa.xcconfig"; sourceTree = "<group>"; };
		93CAB161E0D4AEE3B982C22F /* Pods-verify.release.xcconfig */ = {isa = PBXFileReference; includeInIndex = 1; lastKnownFileType = text.xcconfig; name = "Pods-verify.release.xcconfig"; path = "Target Support Files/Pods-verify/Pods-verify.release.xcconfig"; sourceTree = "<group>"; };
		9A8B8477099EF67C52794711 /* libPods-verify-tvOSTests.a */ = {isa = PBXFileReference; explicitFileType = archive.ar; includeInIndex = 0; path = "libPods-verify-tvOSTests.a"; sourceTree = BUILT_PRODUCTS_DIR; };
		9C2C17FA8DE22AFCADF6B8B3 /* Pods-verify-tvOS.debugalfa.xcconfig */ = {isa = PBXFileReference; includeInIndex = 1; lastKnownFileType = text.xcconfig; name = "Pods-verify-tvOS.debugalfa.xcconfig"; path = "Target Support Files/Pods-verify-tvOS/Pods-verify-tvOS.debugalfa.xcconfig"; sourceTree = "<group>"; };
		A2DF9810313B2193BF6A3761 /* Pods-verify-verifyTests.releasealfa.xcconfig */ = {isa = PBXFileReference; includeInIndex = 1; lastKnownFileType = text.xcconfig; name = "Pods-verify-verifyTests.releasealfa.xcconfig"; path = "Target Support Files/Pods-verify-verifyTests/Pods-verify-verifyTests.releasealfa.xcconfig"; sourceTree = "<group>"; };
		B45126F55968461D7C02419A /* Pods-verify-tvOSTests.releasefbg.xcconfig */ = {isa = PBXFileReference; includeInIndex = 1; lastKnownFileType = text.xcconfig; name = "Pods-verify-tvOSTests.releasefbg.xcconfig"; path = "Target Support Files/Pods-verify-tvOSTests/Pods-verify-tvOSTests.releasefbg.xcconfig"; sourceTree = "<group>"; };
		B605BFC126EB3C97000312E6 /* KeyGenError.swift */ = {isa = PBXFileReference; lastKnownFileType = sourcecode.swift; path = KeyGenError.swift; sourceTree = "<group>"; };
		B605BFCA26EB7AE5000312E6 /* RNBiometrics.swift */ = {isa = PBXFileReference; lastKnownFileType = sourcecode.swift; path = RNBiometrics.swift; sourceTree = "<group>"; };
		B605BFCC26EB7AF3000312E6 /* BiometricsError.swift */ = {isa = PBXFileReference; lastKnownFileType = sourcecode.swift; path = BiometricsError.swift; sourceTree = "<group>"; };
		B605BFCE26EB7B05000312E6 /* RNBiometrics.m */ = {isa = PBXFileReference; lastKnownFileType = sourcecode.c.objc; path = RNBiometrics.m; sourceTree = "<group>"; };
		B6148B8826E8E7E90008F06D /* RNKeyGen.swift */ = {isa = PBXFileReference; lastKnownFileType = sourcecode.swift; path = RNKeyGen.swift; sourceTree = "<group>"; };
		B6148B8926E8E7FC0008F06D /* RNKeyGen.m */ = {isa = PBXFileReference; lastKnownFileType = sourcecode.c.objc; path = RNKeyGen.m; sourceTree = "<group>"; };
		B6148B9826E9FF0B0008F06D /* GenericPasswordConvertible.swift */ = {isa = PBXFileReference; lastKnownFileType = sourcecode.swift; path = GenericPasswordConvertible.swift; sourceTree = "<group>"; };
		B6148B9A26E9FF690008F06D /* GenericPasswordStore.swift */ = {isa = PBXFileReference; lastKnownFileType = sourcecode.swift; path = GenericPasswordStore.swift; sourceTree = "<group>"; };
		B6148B9C26E9FF8C0008F06D /* KeyStoreError.swift */ = {isa = PBXFileReference; lastKnownFileType = sourcecode.swift; path = KeyStoreError.swift; sourceTree = "<group>"; };
		B61CF59E270F0B6700DBF12B /* verify.entitlements */ = {isa = PBXFileReference; lastKnownFileType = text.plist.entitlements; name = verify.entitlements; path = verify/verify.entitlements; sourceTree = "<group>"; };
		B61CF59F270F111C00DBF12B /* RNPush.swift */ = {isa = PBXFileReference; lastKnownFileType = sourcecode.swift; path = RNPush.swift; sourceTree = "<group>"; };
		B61CF5A1270F113600DBF12B /* RNPush.m */ = {isa = PBXFileReference; lastKnownFileType = sourcecode.c.objc; path = RNPush.m; sourceTree = "<group>"; };
		B62B679926E8ABC0009A86A6 /* RNCipher.m */ = {isa = PBXFileReference; lastKnownFileType = sourcecode.c.objc; path = RNCipher.m; sourceTree = "<group>"; };
		B62B679A26E8ABCD009A86A6 /* RNCipher.swift */ = {isa = PBXFileReference; lastKnownFileType = sourcecode.swift; path = RNCipher.swift; sourceTree = "<group>"; };
		B66AE57526DF73FE00DD63C3 /* verify-Bridging-Header.h */ = {isa = PBXFileReference; lastKnownFileType = sourcecode.c.h; path = "verify-Bridging-Header.h"; sourceTree = "<group>"; };
		B66AE57E26DF8BB000DD63C3 /* Utilities.swift */ = {isa = PBXFileReference; lastKnownFileType = sourcecode.swift; path = Utilities.swift; sourceTree = "<group>"; };
		B66AE58026DF8BF900DD63C3 /* Utilities.m */ = {isa = PBXFileReference; lastKnownFileType = sourcecode.c.objc; path = Utilities.m; sourceTree = "<group>"; };
		B67071E926F205F100CE822C /* ExportManager.swift */ = {isa = PBXFileReference; lastKnownFileType = sourcecode.swift; path = ExportManager.swift; sourceTree = "<group>"; };
		B6931E0F26F49F56008571D4 /* LaunchScreenBAFL.storyboard */ = {isa = PBXFileReference; lastKnownFileType = file.storyboard; path = LaunchScreenBAFL.storyboard; sourceTree = "<group>"; };
		B69691AE273D2CC700D4F0D4 /* Firebase */ = {isa = PBXFileReference; lastKnownFileType = folder; name = Firebase; path = verify/Firebase; sourceTree = "<group>"; };
		B6A0BB8526F49A7800B09594 /* LaunchScreenFBG.storyboard */ = {isa = PBXFileReference; lastKnownFileType = file.storyboard; path = LaunchScreenFBG.storyboard; sourceTree = "<group>"; };
		B6AD7CFE273A5AAE009C0E98 /* UIDevice+JailBroken.swift */ = {isa = PBXFileReference; lastKnownFileType = sourcecode.swift; path = "UIDevice+JailBroken.swift"; sourceTree = "<group>"; };
		BBDDC3F62288518E925A66EB /* libPods-verify.a */ = {isa = PBXFileReference; explicitFileType = archive.ar; includeInIndex = 0; path = "libPods-verify.a"; sourceTree = BUILT_PRODUCTS_DIR; };
		BC20554A4B190304CEB1354F /* Pods-verify.debugalfa.xcconfig */ = {isa = PBXFileReference; includeInIndex = 1; lastKnownFileType = text.xcconfig; name = "Pods-verify.debugalfa.xcconfig"; path = "Target Support Files/Pods-verify/Pods-verify.debugalfa.xcconfig"; sourceTree = "<group>"; };
		C44A4E24E7E941A318D5FED6 /* Pods-verify-tvOS.debugfbg.xcconfig */ = {isa = PBXFileReference; includeInIndex = 1; lastKnownFileType = text.xcconfig; name = "Pods-verify-tvOS.debugfbg.xcconfig"; path = "Target Support Files/Pods-verify-tvOS/Pods-verify-tvOS.debugfbg.xcconfig"; sourceTree = "<group>"; };
		D91B654049700613F97288C1 /* Pods-verify-verifyTests.debug.xcconfig */ = {isa = PBXFileReference; includeInIndex = 1; lastKnownFileType = text.xcconfig; name = "Pods-verify-verifyTests.debug.xcconfig"; path = "Target Support Files/Pods-verify-verifyTests/Pods-verify-verifyTests.debug.xcconfig"; sourceTree = "<group>"; };
		DA64AD7AF5FDAB072B2C6E6B /* Pods-verify-verifyTests.releasefbg.xcconfig */ = {isa = PBXFileReference; includeInIndex = 1; lastKnownFileType = text.xcconfig; name = "Pods-verify-verifyTests.releasefbg.xcconfig"; path = "Target Support Files/Pods-verify-verifyTests/Pods-verify-verifyTests.releasefbg.xcconfig"; sourceTree = "<group>"; };
		DE91FFF9A3C08A20664CC425 /* libPods-verify-verifyTests.a */ = {isa = PBXFileReference; explicitFileType = archive.ar; includeInIndex = 0; path = "libPods-verify-verifyTests.a"; sourceTree = BUILT_PRODUCTS_DIR; };
		DEB5A1C96B57DEF3F52D3531 /* Pods-verify.debug.xcconfig */ = {isa = PBXFileReference; includeInIndex = 1; lastKnownFileType = text.xcconfig; name = "Pods-verify.debug.xcconfig"; path = "Target Support Files/Pods-verify/Pods-verify.debug.xcconfig"; sourceTree = "<group>"; };
		E859F3CE02D167CE00172541 /* Pods-verify-tvOSTests.debugfbg.xcconfig */ = {isa = PBXFileReference; includeInIndex = 1; lastKnownFileType = text.xcconfig; name = "Pods-verify-tvOSTests.debugfbg.xcconfig"; path = "Target Support Files/Pods-verify-tvOSTests/Pods-verify-tvOSTests.debugfbg.xcconfig"; sourceTree = "<group>"; };
		ED297162215061F000B7C4FE /* JavaScriptCore.framework */ = {isa = PBXFileReference; lastKnownFileType = wrapper.framework; name = JavaScriptCore.framework; path = System/Library/Frameworks/JavaScriptCore.framework; sourceTree = SDKROOT; };
		ED2971642150620600B7C4FE /* JavaScriptCore.framework */ = {isa = PBXFileReference; lastKnownFileType = wrapper.framework; name = JavaScriptCore.framework; path = Platforms/AppleTVOS.platform/Developer/SDKs/AppleTVOS12.0.sdk/System/Library/Frameworks/JavaScriptCore.framework; sourceTree = DEVELOPER_DIR; };
/* End PBXFileReference section */

/* Begin PBXFrameworksBuildPhase section */
		00E356EB1AD99517003FC87E /* Frameworks */ = {
			isa = PBXFrameworksBuildPhase;
			buildActionMask = 2147483647;
			files = (
				07D933F2410F2163DD1C4D77 /* libPods-verify-verifyTests.a in Frameworks */,
			);
			runOnlyForDeploymentPostprocessing = 0;
		};
		13B07F8C1A680F5B00A75B9A /* Frameworks */ = {
			isa = PBXFrameworksBuildPhase;
			buildActionMask = 2147483647;
			files = (
				306779EC2C732C84BE721F2E /* libPods-verify.a in Frameworks */,
			);
			runOnlyForDeploymentPostprocessing = 0;
		};
		2D02E4781E0B4A5D006451C7 /* Frameworks */ = {
			isa = PBXFrameworksBuildPhase;
			buildActionMask = 2147483647;
			files = (
				815BD72F285CCB5855D0EA3F /* libPods-verify-tvOS.a in Frameworks */,
			);
			runOnlyForDeploymentPostprocessing = 0;
		};
		2D02E48D1E0B4A5D006451C7 /* Frameworks */ = {
			isa = PBXFrameworksBuildPhase;
			buildActionMask = 2147483647;
			files = (
				7BA89AFEFCAE867266658724 /* libPods-verify-tvOSTests.a in Frameworks */,
			);
			runOnlyForDeploymentPostprocessing = 0;
		};
/* End PBXFrameworksBuildPhase section */

/* Begin PBXGroup section */
		00E356EF1AD99517003FC87E /* verifyTests */ = {
			isa = PBXGroup;
			children = (
				00E356F21AD99517003FC87E /* verifyTests.m */,
				00E356F01AD99517003FC87E /* Supporting Files */,
			);
			path = verifyTests;
			sourceTree = "<group>";
		};
		00E356F01AD99517003FC87E /* Supporting Files */ = {
			isa = PBXGroup;
			children = (
				00E356F11AD99517003FC87E /* Info.plist */,
			);
			name = "Supporting Files";
			sourceTree = "<group>";
		};
		054685BEA2EDAC8668FB66D7 /* Pods */ = {
			isa = PBXGroup;
			children = (
				DEB5A1C96B57DEF3F52D3531 /* Pods-verify.debug.xcconfig */,
				93CAB161E0D4AEE3B982C22F /* Pods-verify.release.xcconfig */,
				4F8B638D02DBF3D92BDF4D24 /* Pods-verify-tvOS.debug.xcconfig */,
				023896B7B6D9432867093D74 /* Pods-verify-tvOS.release.xcconfig */,
				8FC1AED476BD1CAEA3BCCC37 /* Pods-verify-tvOSTests.debug.xcconfig */,
				30DC1CB0E1B8B81E1F314B87 /* Pods-verify-tvOSTests.release.xcconfig */,
				D91B654049700613F97288C1 /* Pods-verify-verifyTests.debug.xcconfig */,
				83BE7E6A0FF83F41068B4F34 /* Pods-verify-verifyTests.release.xcconfig */,
				BC20554A4B190304CEB1354F /* Pods-verify.debugalfa.xcconfig */,
				4E07064DD2638352297DC0E2 /* Pods-verify.debugfbg.xcconfig */,
				00F39A729F76B9E193C5C39F /* Pods-verify.releasealfa.xcconfig */,
				33CCC7F46F7EAE7A379651BF /* Pods-verify.releasefbg.xcconfig */,
				9C2C17FA8DE22AFCADF6B8B3 /* Pods-verify-tvOS.debugalfa.xcconfig */,
				C44A4E24E7E941A318D5FED6 /* Pods-verify-tvOS.debugfbg.xcconfig */,
				03BD46C91662E50B4A2E6950 /* Pods-verify-tvOS.releasealfa.xcconfig */,
				1D4DF8B8357EF0D2E5D7C948 /* Pods-verify-tvOS.releasefbg.xcconfig */,
				915FF6897EB1EEA7334D5CB7 /* Pods-verify-tvOSTests.debugalfa.xcconfig */,
				E859F3CE02D167CE00172541 /* Pods-verify-tvOSTests.debugfbg.xcconfig */,
				03672168C15D7591D66E6EFD /* Pods-verify-tvOSTests.releasealfa.xcconfig */,
				B45126F55968461D7C02419A /* Pods-verify-tvOSTests.releasefbg.xcconfig */,
				7B09153357C7AE82D7F45DC4 /* Pods-verify-verifyTests.debugalfa.xcconfig */,
				503D9D49179922E69CAB81FA /* Pods-verify-verifyTests.debugfbg.xcconfig */,
				A2DF9810313B2193BF6A3761 /* Pods-verify-verifyTests.releasealfa.xcconfig */,
				DA64AD7AF5FDAB072B2C6E6B /* Pods-verify-verifyTests.releasefbg.xcconfig */,
			);
			path = Pods;
			sourceTree = "<group>";
		};
		13B07FAE1A68108700A75B9A /* verify */ = {
			isa = PBXGroup;
			children = (
				B69691AE273D2CC700D4F0D4 /* Firebase */,
				B61CF59E270F0B6700DBF12B /* verify.entitlements */,
				13B07FAF1A68108700A75B9A /* AppDelegate.h */,
				13B07FB01A68108700A75B9A /* AppDelegate.m */,
				13B07FB51A68108700A75B9A /* Images.xcassets */,
				13B07FB61A68108700A75B9A /* Info.plist */,
				81AB9BB72411601600AC10FF /* LaunchScreen.storyboard */,
				13B07FB71A68108700A75B9A /* main.m */,
				B66AE57526DF73FE00DD63C3 /* verify-Bridging-Header.h */,
				B66AE58326DFAB4B00DD63C3 /* Utilities */,
				B6148B8726E8E73C0008F06D /* RNCipher */,
				B605BFC326EB3F40000312E6 /* RNKeyGen */,
				B6148B9E26EA01B60008F06D /* KeyStore */,
				B605BFD026EB7B13000312E6 /* RNBiometrics */,
				B6A0BB8526F49A7800B09594 /* LaunchScreenFBG.storyboard */,
				B6931E0F26F49F56008571D4 /* LaunchScreenBAFL.storyboard */,
				B67EA4DF271567D80037D7F2 /* RNPUSH */,
				B6AD7CFE273A5AAE009C0E98 /* UIDevice+JailBroken.swift */,
			);
			name = verify;
			sourceTree = "<group>";
		};
		2D16E6871FA4F8E400B85C8A /* Frameworks */ = {
			isa = PBXGroup;
			children = (
				ED297162215061F000B7C4FE /* JavaScriptCore.framework */,
				ED2971642150620600B7C4FE /* JavaScriptCore.framework */,
				BBDDC3F62288518E925A66EB /* libPods-verify.a */,
				6F5BBA8E1C63D174E11E4303 /* libPods-verify-tvOS.a */,
				9A8B8477099EF67C52794711 /* libPods-verify-tvOSTests.a */,
				DE91FFF9A3C08A20664CC425 /* libPods-verify-verifyTests.a */,
			);
			name = Frameworks;
			sourceTree = "<group>";
		};
		832341AE1AAA6A7D00B99B32 /* Libraries */ = {
			isa = PBXGroup;
			children = (
			);
			name = Libraries;
			sourceTree = "<group>";
		};
		83CBB9F61A601CBA00E9B192 = {
			isa = PBXGroup;
			children = (
				13B07FAE1A68108700A75B9A /* verify */,
				832341AE1AAA6A7D00B99B32 /* Libraries */,
				00E356EF1AD99517003FC87E /* verifyTests */,
				83CBBA001A601CBA00E9B192 /* Products */,
				2D16E6871FA4F8E400B85C8A /* Frameworks */,
				054685BEA2EDAC8668FB66D7 /* Pods */,
			);
			indentWidth = 2;
			sourceTree = "<group>";
			tabWidth = 2;
			usesTabs = 0;
		};
		83CBBA001A601CBA00E9B192 /* Products */ = {
			isa = PBXGroup;
			children = (
				13B07F961A680F5B00A75B9A /* HRT Verify.app */,
				00E356EE1AD99517003FC87E /* verifyTests.xctest */,
				2D02E47B1E0B4A5D006451C7 /* verify-tvOS.app */,
				2D02E4901E0B4A5D006451C7 /* verify-tvOSTests.xctest */,
			);
			name = Products;
			sourceTree = "<group>";
		};
		B605BFC326EB3F40000312E6 /* RNKeyGen */ = {
			isa = PBXGroup;
			children = (
				B6148B8826E8E7E90008F06D /* RNKeyGen.swift */,
				B6148B8926E8E7FC0008F06D /* RNKeyGen.m */,
				B605BFC126EB3C97000312E6 /* KeyGenError.swift */,
			);
			name = RNKeyGen;
			sourceTree = "<group>";
		};
		B605BFD026EB7B13000312E6 /* RNBiometrics */ = {
			isa = PBXGroup;
			children = (
				B605BFCA26EB7AE5000312E6 /* RNBiometrics.swift */,
				B605BFCC26EB7AF3000312E6 /* BiometricsError.swift */,
				B605BFCE26EB7B05000312E6 /* RNBiometrics.m */,
			);
			name = RNBiometrics;
			sourceTree = "<group>";
		};
		B6148B8726E8E73C0008F06D /* RNCipher */ = {
			isa = PBXGroup;
			children = (
				B62B679926E8ABC0009A86A6 /* RNCipher.m */,
				B62B679A26E8ABCD009A86A6 /* RNCipher.swift */,
			);
			name = RNCipher;
			sourceTree = "<group>";
		};
		B6148B9E26EA01B60008F06D /* KeyStore */ = {
			isa = PBXGroup;
			children = (
				B6148B9826E9FF0B0008F06D /* GenericPasswordConvertible.swift */,
				B6148B9A26E9FF690008F06D /* GenericPasswordStore.swift */,
				B6148B9C26E9FF8C0008F06D /* KeyStoreError.swift */,
				B67071E926F205F100CE822C /* ExportManager.swift */,
			);
			name = KeyStore;
			sourceTree = "<group>";
		};
		B66AE58326DFAB4B00DD63C3 /* Utilities */ = {
			isa = PBXGroup;
			children = (
				B66AE57E26DF8BB000DD63C3 /* Utilities.swift */,
				B66AE58026DF8BF900DD63C3 /* Utilities.m */,
			);
			name = Utilities;
			sourceTree = "<group>";
		};
		B67EA4DF271567D80037D7F2 /* RNPUSH */ = {
			isa = PBXGroup;
			children = (
				B61CF59F270F111C00DBF12B /* RNPush.swift */,
				B61CF5A1270F113600DBF12B /* RNPush.m */,
			);
			name = RNPUSH;
			sourceTree = "<group>";
		};
/* End PBXGroup section */

/* Begin PBXNativeTarget section */
		00E356ED1AD99517003FC87E /* verifyTests */ = {
			isa = PBXNativeTarget;
			buildConfigurationList = 00E357021AD99517003FC87E /* Build configuration list for PBXNativeTarget "verifyTests" */;
			buildPhases = (
				861DCE1DA785250C432F2C51 /* [CP] Check Pods Manifest.lock */,
				00E356EA1AD99517003FC87E /* Sources */,
				00E356EB1AD99517003FC87E /* Frameworks */,
				00E356EC1AD99517003FC87E /* Resources */,
				A84ECBACE5A06E31A99DD5ED /* [CP] Embed Pods Frameworks */,
				CBC3D4DC6AE65F87A61C1419 /* [CP] Copy Pods Resources */,
			);
			buildRules = (
			);
			dependencies = (
				00E356F51AD99517003FC87E /* PBXTargetDependency */,
			);
			name = verifyTests;
			productName = verifyTests;
			productReference = 00E356EE1AD99517003FC87E /* verifyTests.xctest */;
			productType = "com.apple.product-type.bundle.unit-test";
		};
		13B07F861A680F5B00A75B9A /* verify */ = {
			isa = PBXNativeTarget;
			buildConfigurationList = 13B07F931A680F5B00A75B9A /* Build configuration list for PBXNativeTarget "verify" */;
			buildPhases = (
				4BC16759AE668A6E6F3E798E /* [CP] Check Pods Manifest.lock */,
				FD10A7F022414F080027D42C /* Start Packager */,
				13B07F871A680F5B00A75B9A /* Sources */,
				13B07F8C1A680F5B00A75B9A /* Frameworks */,
				13B07F8E1A680F5B00A75B9A /* Resources */,
				00DD1BFF1BD5951E006B06BC /* Bundle React Native code and images */,
				F04A6A70AAC6D8C563716152 /* [CP] Embed Pods Frameworks */,
				6739DD47F7E5B57C95EBEF49 /* [CP] Copy Pods Resources */,
				B69691AB273D284400D4F0D4 /* Copy GoogleService-Info.plist */,
			);
			buildRules = (
			);
			dependencies = (
			);
			name = verify;
			productName = verify;
			productReference = 13B07F961A680F5B00A75B9A /* HRT Verify.app */;
			productType = "com.apple.product-type.application";
		};
		2D02E47A1E0B4A5D006451C7 /* verify-tvOS */ = {
			isa = PBXNativeTarget;
			buildConfigurationList = 2D02E4BA1E0B4A5E006451C7 /* Build configuration list for PBXNativeTarget "verify-tvOS" */;
			buildPhases = (
				38E9E9AB4F53E000679E0931 /* [CP] Check Pods Manifest.lock */,
				FD10A7F122414F3F0027D42C /* Start Packager */,
				2D02E4771E0B4A5D006451C7 /* Sources */,
				2D02E4781E0B4A5D006451C7 /* Frameworks */,
				2D02E4791E0B4A5D006451C7 /* Resources */,
				2D02E4CB1E0B4B27006451C7 /* Bundle React Native Code And Images */,
			);
			buildRules = (
			);
			dependencies = (
			);
			name = "verify-tvOS";
			productName = "verify-tvOS";
			productReference = 2D02E47B1E0B4A5D006451C7 /* verify-tvOS.app */;
			productType = "com.apple.product-type.application";
		};
		2D02E48F1E0B4A5D006451C7 /* verify-tvOSTests */ = {
			isa = PBXNativeTarget;
			buildConfigurationList = 2D02E4BB1E0B4A5E006451C7 /* Build configuration list for PBXNativeTarget "verify-tvOSTests" */;
			buildPhases = (
				FCE52BA9E753CB1C58CF364E /* [CP] Check Pods Manifest.lock */,
				2D02E48C1E0B4A5D006451C7 /* Sources */,
				2D02E48D1E0B4A5D006451C7 /* Frameworks */,
				2D02E48E1E0B4A5D006451C7 /* Resources */,
			);
			buildRules = (
			);
			dependencies = (
				2D02E4921E0B4A5D006451C7 /* PBXTargetDependency */,
			);
			name = "verify-tvOSTests";
			productName = "verify-tvOSTests";
			productReference = 2D02E4901E0B4A5D006451C7 /* verify-tvOSTests.xctest */;
			productType = "com.apple.product-type.bundle.unit-test";
		};
/* End PBXNativeTarget section */

/* Begin PBXProject section */
		83CBB9F71A601CBA00E9B192 /* Project object */ = {
			isa = PBXProject;
			attributes = {
				LastUpgradeCheck = 1300;
				TargetAttributes = {
					00E356ED1AD99517003FC87E = {
						CreatedOnToolsVersion = 6.2;
						TestTargetID = 13B07F861A680F5B00A75B9A;
					};
					13B07F861A680F5B00A75B9A = {
						DevelopmentTeam = YMD8HCA965;
						LastSwiftMigration = 1250;
					};
					2D02E47A1E0B4A5D006451C7 = {
						CreatedOnToolsVersion = 8.2.1;
						ProvisioningStyle = Automatic;
					};
					2D02E48F1E0B4A5D006451C7 = {
						CreatedOnToolsVersion = 8.2.1;
						ProvisioningStyle = Automatic;
						TestTargetID = 2D02E47A1E0B4A5D006451C7;
					};
				};
			};
			buildConfigurationList = 83CBB9FA1A601CBA00E9B192 /* Build configuration list for PBXProject "verify" */;
			compatibilityVersion = "Xcode 3.2";
			developmentRegion = en;
			hasScannedForEncodings = 0;
			knownRegions = (
				en,
				Base,
			);
			mainGroup = 83CBB9F61A601CBA00E9B192;
			productRefGroup = 83CBBA001A601CBA00E9B192 /* Products */;
			projectDirPath = "";
			projectRoot = "";
			targets = (
				13B07F861A680F5B00A75B9A /* verify */,
				00E356ED1AD99517003FC87E /* verifyTests */,
				2D02E47A1E0B4A5D006451C7 /* verify-tvOS */,
				2D02E48F1E0B4A5D006451C7 /* verify-tvOSTests */,
			);
		};
/* End PBXProject section */

/* Begin PBXResourcesBuildPhase section */
		00E356EC1AD99517003FC87E /* Resources */ = {
			isa = PBXResourcesBuildPhase;
			buildActionMask = 2147483647;
			files = (
			);
			runOnlyForDeploymentPostprocessing = 0;
		};
		13B07F8E1A680F5B00A75B9A /* Resources */ = {
			isa = PBXResourcesBuildPhase;
			buildActionMask = 2147483647;
			files = (
				B69691AF273D2CC700D4F0D4 /* Firebase in Resources */,
				81AB9BB82411601600AC10FF /* LaunchScreen.storyboard in Resources */,
				13B07FBF1A68108700A75B9A /* Images.xcassets in Resources */,
				B6931E1026F49F56008571D4 /* LaunchScreenBAFL.storyboard in Resources */,
				B6A0BB8626F49A7800B09594 /* LaunchScreenFBG.storyboard in Resources */,
			);
			runOnlyForDeploymentPostprocessing = 0;
		};
		2D02E4791E0B4A5D006451C7 /* Resources */ = {
			isa = PBXResourcesBuildPhase;
			buildActionMask = 2147483647;
			files = (
				2D02E4BD1E0B4A84006451C7 /* Images.xcassets in Resources */,
			);
			runOnlyForDeploymentPostprocessing = 0;
		};
		2D02E48E1E0B4A5D006451C7 /* Resources */ = {
			isa = PBXResourcesBuildPhase;
			buildActionMask = 2147483647;
			files = (
			);
			runOnlyForDeploymentPostprocessing = 0;
		};
/* End PBXResourcesBuildPhase section */

/* Begin PBXShellScriptBuildPhase section */
		00DD1BFF1BD5951E006B06BC /* Bundle React Native code and images */ = {
			isa = PBXShellScriptBuildPhase;
			buildActionMask = 2147483647;
			files = (
			);
			inputPaths = (
			);
			name = "Bundle React Native code and images";
			outputPaths = (
			);
			runOnlyForDeploymentPostprocessing = 0;
			shellPath = /bin/sh;
			shellScript = "export NODE_BINARY=node\n../node_modules/react-native/scripts/react-native-xcode.sh";
		};
		2D02E4CB1E0B4B27006451C7 /* Bundle React Native Code And Images */ = {
			isa = PBXShellScriptBuildPhase;
			buildActionMask = 2147483647;
			files = (
			);
			inputPaths = (
			);
			name = "Bundle React Native Code And Images";
			outputPaths = (
			);
			runOnlyForDeploymentPostprocessing = 0;
			shellPath = /bin/sh;
			shellScript = "export NODE_BINARY=node\n../node_modules/react-native/scripts/react-native-xcode.sh";
		};
		38E9E9AB4F53E000679E0931 /* [CP] Check Pods Manifest.lock */ = {
			isa = PBXShellScriptBuildPhase;
			buildActionMask = 2147483647;
			files = (
			);
			inputFileListPaths = (
			);
			inputPaths = (
				"${PODS_PODFILE_DIR_PATH}/Podfile.lock",
				"${PODS_ROOT}/Manifest.lock",
			);
			name = "[CP] Check Pods Manifest.lock";
			outputFileListPaths = (
			);
			outputPaths = (
				"$(DERIVED_FILE_DIR)/Pods-verify-tvOS-checkManifestLockResult.txt",
			);
			runOnlyForDeploymentPostprocessing = 0;
			shellPath = /bin/sh;
			shellScript = "diff \"${PODS_PODFILE_DIR_PATH}/Podfile.lock\" \"${PODS_ROOT}/Manifest.lock\" > /dev/null\nif [ $? != 0 ] ; then\n    # print error to STDERR\n    echo \"error: The sandbox is not in sync with the Podfile.lock. Run 'pod install' or update your CocoaPods installation.\" >&2\n    exit 1\nfi\n# This output is used by Xcode 'outputs' to avoid re-running this script phase.\necho \"SUCCESS\" > \"${SCRIPT_OUTPUT_FILE_0}\"\n";
			showEnvVarsInLog = 0;
		};
		4BC16759AE668A6E6F3E798E /* [CP] Check Pods Manifest.lock */ = {
			isa = PBXShellScriptBuildPhase;
			buildActionMask = 2147483647;
			files = (
			);
			inputFileListPaths = (
			);
			inputPaths = (
				"${PODS_PODFILE_DIR_PATH}/Podfile.lock",
				"${PODS_ROOT}/Manifest.lock",
			);
			name = "[CP] Check Pods Manifest.lock";
			outputFileListPaths = (
			);
			outputPaths = (
				"$(DERIVED_FILE_DIR)/Pods-verify-checkManifestLockResult.txt",
			);
			runOnlyForDeploymentPostprocessing = 0;
			shellPath = /bin/sh;
			shellScript = "diff \"${PODS_PODFILE_DIR_PATH}/Podfile.lock\" \"${PODS_ROOT}/Manifest.lock\" > /dev/null\nif [ $? != 0 ] ; then\n    # print error to STDERR\n    echo \"error: The sandbox is not in sync with the Podfile.lock. Run 'pod install' or update your CocoaPods installation.\" >&2\n    exit 1\nfi\n# This output is used by Xcode 'outputs' to avoid re-running this script phase.\necho \"SUCCESS\" > \"${SCRIPT_OUTPUT_FILE_0}\"\n";
			showEnvVarsInLog = 0;
		};
		6739DD47F7E5B57C95EBEF49 /* [CP] Copy Pods Resources */ = {
			isa = PBXShellScriptBuildPhase;
			buildActionMask = 2147483647;
			files = (
			);
			inputPaths = (
				"${PODS_ROOT}/Target Support Files/Pods-verify/Pods-verify-resources.sh",
				"${PODS_CONFIGURATION_BUILD_DIR}/React-Core/AccessibilityResources.bundle",
			);
			name = "[CP] Copy Pods Resources";
			outputPaths = (
				"${TARGET_BUILD_DIR}/${UNLOCALIZED_RESOURCES_FOLDER_PATH}/AccessibilityResources.bundle",
			);
			runOnlyForDeploymentPostprocessing = 0;
			shellPath = /bin/sh;
			shellScript = "\"${PODS_ROOT}/Target Support Files/Pods-verify/Pods-verify-resources.sh\"\n";
			showEnvVarsInLog = 0;
		};
		861DCE1DA785250C432F2C51 /* [CP] Check Pods Manifest.lock */ = {
			isa = PBXShellScriptBuildPhase;
			buildActionMask = 2147483647;
			files = (
			);
			inputFileListPaths = (
			);
			inputPaths = (
				"${PODS_PODFILE_DIR_PATH}/Podfile.lock",
				"${PODS_ROOT}/Manifest.lock",
			);
			name = "[CP] Check Pods Manifest.lock";
			outputFileListPaths = (
			);
			outputPaths = (
				"$(DERIVED_FILE_DIR)/Pods-verify-verifyTests-checkManifestLockResult.txt",
			);
			runOnlyForDeploymentPostprocessing = 0;
			shellPath = /bin/sh;
			shellScript = "diff \"${PODS_PODFILE_DIR_PATH}/Podfile.lock\" \"${PODS_ROOT}/Manifest.lock\" > /dev/null\nif [ $? != 0 ] ; then\n    # print error to STDERR\n    echo \"error: The sandbox is not in sync with the Podfile.lock. Run 'pod install' or update your CocoaPods installation.\" >&2\n    exit 1\nfi\n# This output is used by Xcode 'outputs' to avoid re-running this script phase.\necho \"SUCCESS\" > \"${SCRIPT_OUTPUT_FILE_0}\"\n";
			showEnvVarsInLog = 0;
		};
		A84ECBACE5A06E31A99DD5ED /* [CP] Embed Pods Frameworks */ = {
			isa = PBXShellScriptBuildPhase;
			buildActionMask = 2147483647;
			files = (
			);
			inputPaths = (
				"${PODS_ROOT}/Target Support Files/Pods-verify-verifyTests/Pods-verify-verifyTests-frameworks.sh",
				"${PODS_XCFRAMEWORKS_BUILD_DIR}/Flipper-DoubleConversion/double-conversion.framework/double-conversion",
				"${PODS_XCFRAMEWORKS_BUILD_DIR}/OpenSSL-Universal/OpenSSL.framework/OpenSSL",
			);
			name = "[CP] Embed Pods Frameworks";
			outputPaths = (
				"${TARGET_BUILD_DIR}/${FRAMEWORKS_FOLDER_PATH}/double-conversion.framework",
				"${TARGET_BUILD_DIR}/${FRAMEWORKS_FOLDER_PATH}/OpenSSL.framework",
			);
			runOnlyForDeploymentPostprocessing = 0;
			shellPath = /bin/sh;
			shellScript = "\"${PODS_ROOT}/Target Support Files/Pods-verify-verifyTests/Pods-verify-verifyTests-frameworks.sh\"\n";
			showEnvVarsInLog = 0;
		};
		B69691AB273D284400D4F0D4 /* Copy GoogleService-Info.plist */ = {
			isa = PBXShellScriptBuildPhase;
			buildActionMask = 12;
			files = (
			);
			inputFileListPaths = (
			);
			inputPaths = (
			);
			name = "Copy GoogleService-Info.plist";
			outputFileListPaths = (
			);
			outputPaths = (
			);
			runOnlyForDeploymentPostprocessing = 0;
			shellPath = /bin/sh;
			shellScript = "#!/bin/bash\n# Name of the resource we're selectively copying\nGOOGLESERVICE_INFO_PLIST=GoogleService-Info.plist\n\n# Get references to dev and prod versions of the GoogleService-Info.plist\n# NOTE: These should only live on the file system and should NOT be part of the target (since we'll be adding them to the target manually)\nGOOGLESERVICE_INFO_HRT=${PROJECT_DIR}/${TARGET_NAME}/Firebase/HRT/${GOOGLESERVICE_INFO_PLIST}\nGOOGLESERVICE_INFO_FBG=${PROJECT_DIR}/${TARGET_NAME}/Firebase/FBG/${GOOGLESERVICE_INFO_PLIST}\nGOOGLESERVICE_INFO_ALFA=${PROJECT_DIR}/${TARGET_NAME}/Firebase/Alfa/${GOOGLESERVICE_INFO_PLIST}\n\n# Get a reference to the destination location for the GoogleService-Info.plist\nPLIST_DESTINATION=${BUILT_PRODUCTS_DIR}/${PRODUCT_NAME}.app\necho \"Will copy ${GOOGLESERVICE_INFO_PLIST} to final destination: ${PLIST_DESTINATION}\"\n\necho \"Configuration Name: ${CONFIGURATION}\"\n\n# Copy over the prod GoogleService-Info.plist for Release builds\nif [ \"${CONFIGURATION}\" == \"ReleaseFBG\" ] || [ \"${CONFIGURATION}\" == \"DebugFBG\" ];\nthen\n    echo \"Using ${GOOGLESERVICE_INFO_FBG}\"\n    cp \"${GOOGLESERVICE_INFO_FBG}\" \"${PLIST_DESTINATION}\"\nelif [ \"${CONFIGURATION}\" == \"ReleaseAlfa\" ] || [ \"${CONFIGURATION}\" == \"DebugAlfa\" ];\nthen\n     echo \"Using ${GOOGLESERVICE_INFO_ALFA}\"\n    cp \"${GOOGLESERVICE_INFO_ALFA}\" \"${PLIST_DESTINATION}\"\nelse\n    echo \"Using ${GOOGLESERVICE_INFO_HRT}\"\n    cp \"${GOOGLESERVICE_INFO_HRT}\" \"${PLIST_DESTINATION}\"\nfi\n";
		};
		CBC3D4DC6AE65F87A61C1419 /* [CP] Copy Pods Resources */ = {
			isa = PBXShellScriptBuildPhase;
			buildActionMask = 2147483647;
			files = (
			);
			inputPaths = (
				"${PODS_ROOT}/Target Support Files/Pods-verify-verifyTests/Pods-verify-verifyTests-resources.sh",
				"${PODS_CONFIGURATION_BUILD_DIR}/React-Core/AccessibilityResources.bundle",
			);
			name = "[CP] Copy Pods Resources";
			outputPaths = (
				"${TARGET_BUILD_DIR}/${UNLOCALIZED_RESOURCES_FOLDER_PATH}/AccessibilityResources.bundle",
			);
			runOnlyForDeploymentPostprocessing = 0;
			shellPath = /bin/sh;
			shellScript = "\"${PODS_ROOT}/Target Support Files/Pods-verify-verifyTests/Pods-verify-verifyTests-resources.sh\"\n";
			showEnvVarsInLog = 0;
		};
		F04A6A70AAC6D8C563716152 /* [CP] Embed Pods Frameworks */ = {
			isa = PBXShellScriptBuildPhase;
			buildActionMask = 2147483647;
			files = (
			);
			inputPaths = (
				"${PODS_ROOT}/Target Support Files/Pods-verify/Pods-verify-frameworks.sh",
				"${PODS_XCFRAMEWORKS_BUILD_DIR}/Flipper-DoubleConversion/double-conversion.framework/double-conversion",
				"${PODS_XCFRAMEWORKS_BUILD_DIR}/OpenSSL-Universal/OpenSSL.framework/OpenSSL",
			);
			name = "[CP] Embed Pods Frameworks";
			outputPaths = (
				"${TARGET_BUILD_DIR}/${FRAMEWORKS_FOLDER_PATH}/double-conversion.framework",
				"${TARGET_BUILD_DIR}/${FRAMEWORKS_FOLDER_PATH}/OpenSSL.framework",
			);
			runOnlyForDeploymentPostprocessing = 0;
			shellPath = /bin/sh;
			shellScript = "\"${PODS_ROOT}/Target Support Files/Pods-verify/Pods-verify-frameworks.sh\"\n";
			showEnvVarsInLog = 0;
		};
		FCE52BA9E753CB1C58CF364E /* [CP] Check Pods Manifest.lock */ = {
			isa = PBXShellScriptBuildPhase;
			buildActionMask = 2147483647;
			files = (
			);
			inputFileListPaths = (
			);
			inputPaths = (
				"${PODS_PODFILE_DIR_PATH}/Podfile.lock",
				"${PODS_ROOT}/Manifest.lock",
			);
			name = "[CP] Check Pods Manifest.lock";
			outputFileListPaths = (
			);
			outputPaths = (
				"$(DERIVED_FILE_DIR)/Pods-verify-tvOSTests-checkManifestLockResult.txt",
			);
			runOnlyForDeploymentPostprocessing = 0;
			shellPath = /bin/sh;
			shellScript = "diff \"${PODS_PODFILE_DIR_PATH}/Podfile.lock\" \"${PODS_ROOT}/Manifest.lock\" > /dev/null\nif [ $? != 0 ] ; then\n    # print error to STDERR\n    echo \"error: The sandbox is not in sync with the Podfile.lock. Run 'pod install' or update your CocoaPods installation.\" >&2\n    exit 1\nfi\n# This output is used by Xcode 'outputs' to avoid re-running this script phase.\necho \"SUCCESS\" > \"${SCRIPT_OUTPUT_FILE_0}\"\n";
			showEnvVarsInLog = 0;
		};
		FD10A7F022414F080027D42C /* Start Packager */ = {
			isa = PBXShellScriptBuildPhase;
			buildActionMask = 2147483647;
			files = (
			);
			inputFileListPaths = (
			);
			inputPaths = (
			);
			name = "Start Packager";
			outputFileListPaths = (
			);
			outputPaths = (
			);
			runOnlyForDeploymentPostprocessing = 0;
			shellPath = /bin/sh;
			shellScript = "export RCT_METRO_PORT=\"${RCT_METRO_PORT:=8081}\"\necho \"export RCT_METRO_PORT=${RCT_METRO_PORT}\" > \"${SRCROOT}/../node_modules/react-native/scripts/.packager.env\"\nif [ -z \"${RCT_NO_LAUNCH_PACKAGER+xxx}\" ] ; then\n  if nc -w 5 -z localhost ${RCT_METRO_PORT} ; then\n    if ! curl -s \"http://localhost:${RCT_METRO_PORT}/status\" | grep -q \"packager-status:running\" ; then\n      echo \"Port ${RCT_METRO_PORT} already in use, packager is either not running or not running correctly\"\n      exit 2\n    fi\n  else\n    open \"$SRCROOT/../node_modules/react-native/scripts/launchPackager.command\" || echo \"Can't start packager automatically\"\n  fi\nfi\n";
			showEnvVarsInLog = 0;
		};
		FD10A7F122414F3F0027D42C /* Start Packager */ = {
			isa = PBXShellScriptBuildPhase;
			buildActionMask = 2147483647;
			files = (
			);
			inputFileListPaths = (
			);
			inputPaths = (
			);
			name = "Start Packager";
			outputFileListPaths = (
			);
			outputPaths = (
			);
			runOnlyForDeploymentPostprocessing = 0;
			shellPath = /bin/sh;
			shellScript = "export RCT_METRO_PORT=\"${RCT_METRO_PORT:=8081}\"\necho \"export RCT_METRO_PORT=${RCT_METRO_PORT}\" > \"${SRCROOT}/../node_modules/react-native/scripts/.packager.env\"\nif [ -z \"${RCT_NO_LAUNCH_PACKAGER+xxx}\" ] ; then\n  if nc -w 5 -z localhost ${RCT_METRO_PORT} ; then\n    if ! curl -s \"http://localhost:${RCT_METRO_PORT}/status\" | grep -q \"packager-status:running\" ; then\n      echo \"Port ${RCT_METRO_PORT} already in use, packager is either not running or not running correctly\"\n      exit 2\n    fi\n  else\n    open \"$SRCROOT/../node_modules/react-native/scripts/launchPackager.command\" || echo \"Can't start packager automatically\"\n  fi\nfi\n";
			showEnvVarsInLog = 0;
		};
/* End PBXShellScriptBuildPhase section */

/* Begin PBXSourcesBuildPhase section */
		00E356EA1AD99517003FC87E /* Sources */ = {
			isa = PBXSourcesBuildPhase;
			buildActionMask = 2147483647;
			files = (
				00E356F31AD99517003FC87E /* verifyTests.m in Sources */,
			);
			runOnlyForDeploymentPostprocessing = 0;
		};
		13B07F871A680F5B00A75B9A /* Sources */ = {
			isa = PBXSourcesBuildPhase;
			buildActionMask = 2147483647;
			files = (
				B6AD7CFF273A5AAE009C0E98 /* UIDevice+JailBroken.swift in Sources */,
				B6148B9B26E9FF690008F06D /* GenericPasswordStore.swift in Sources */,
				B61CF5A2270F113600DBF12B /* RNPush.m in Sources */,
				B605BFC226EB3C97000312E6 /* KeyGenError.swift in Sources */,
				B6148B8A26E8E8040008F06D /* RNKeyGen.m in Sources */,
				B605BFCD26EB7AF3000312E6 /* BiometricsError.swift in Sources */,
				B6148B8B26E8E82F0008F06D /* RNKeyGen.swift in Sources */,
				B66AE58126DF8BF900DD63C3 /* Utilities.m in Sources */,
				13B07FBC1A68108700A75B9A /* AppDelegate.m in Sources */,
				13B07FC11A68108700A75B9A /* main.m in Sources */,
				B67071EA26F205F100CE822C /* ExportManager.swift in Sources */,
				B62B679B26E8ABDF009A86A6 /* RNCipher.m in Sources */,
				B6148B9926E9FF0B0008F06D /* GenericPasswordConvertible.swift in Sources */,
				B605BFCF26EB7B05000312E6 /* RNBiometrics.m in Sources */,
				B61CF5A0270F111C00DBF12B /* RNPush.swift in Sources */,
				B605BFCB26EB7AE5000312E6 /* RNBiometrics.swift in Sources */,
				B6DEDB8526E8AE7F007D7BA1 /* RNCipher.swift in Sources */,
				B6148B9D26E9FF8C0008F06D /* KeyStoreError.swift in Sources */,
				B66AE57F26DF8BB000DD63C3 /* Utilities.swift in Sources */,
			);
			runOnlyForDeploymentPostprocessing = 0;
		};
		2D02E4771E0B4A5D006451C7 /* Sources */ = {
			isa = PBXSourcesBuildPhase;
			buildActionMask = 2147483647;
			files = (
				2D02E4BF1E0B4AB3006451C7 /* main.m in Sources */,
			);
			runOnlyForDeploymentPostprocessing = 0;
		};
		2D02E48C1E0B4A5D006451C7 /* Sources */ = {
			isa = PBXSourcesBuildPhase;
			buildActionMask = 2147483647;
			files = (
				2DCD954D1E0B4F2C00145EB5 /* verifyTests.m in Sources */,
			);
			runOnlyForDeploymentPostprocessing = 0;
		};
/* End PBXSourcesBuildPhase section */

/* Begin PBXTargetDependency section */
		00E356F51AD99517003FC87E /* PBXTargetDependency */ = {
			isa = PBXTargetDependency;
			target = 13B07F861A680F5B00A75B9A /* verify */;
			targetProxy = 00E356F41AD99517003FC87E /* PBXContainerItemProxy */;
		};
		2D02E4921E0B4A5D006451C7 /* PBXTargetDependency */ = {
			isa = PBXTargetDependency;
			target = 2D02E47A1E0B4A5D006451C7 /* verify-tvOS */;
			targetProxy = 2D02E4911E0B4A5D006451C7 /* PBXContainerItemProxy */;
		};
/* End PBXTargetDependency section */

/* Begin XCBuildConfiguration section */
		00E356F61AD99517003FC87E /* Debug */ = {
			isa = XCBuildConfiguration;
			baseConfigurationReference = D91B654049700613F97288C1 /* Pods-verify-verifyTests.debug.xcconfig */;
			buildSettings = {
				ALWAYS_EMBED_SWIFT_STANDARD_LIBRARIES = YES;
				BUNDLE_LOADER = "$(TEST_HOST)";
				GCC_PREPROCESSOR_DEFINITIONS = (
					"DEBUG=1",
					"$(inherited)",
				);
				INFOPLIST_FILE = verifyTests/Info.plist;
				IPHONEOS_DEPLOYMENT_TARGET = 12.0;
				LD_RUNPATH_SEARCH_PATHS = "$(inherited) @executable_path/Frameworks @loader_path/Frameworks";
				OTHER_LDFLAGS = (
					"-ObjC",
					"-lc++",
					"$(inherited)",
				);
				PRODUCT_BUNDLE_IDENTIFIER = "org.reactjs.native.example.$(PRODUCT_NAME:rfc1034identifier)";
				PRODUCT_NAME = "$(TARGET_NAME)";
				TEST_HOST = "$(BUILT_PRODUCTS_DIR)/verify.app/verify";
			};
			name = Debug;
		};
		00E356F71AD99517003FC87E /* Release */ = {
			isa = XCBuildConfiguration;
			baseConfigurationReference = 83BE7E6A0FF83F41068B4F34 /* Pods-verify-verifyTests.release.xcconfig */;
			buildSettings = {
				ALWAYS_EMBED_SWIFT_STANDARD_LIBRARIES = YES;
				BUNDLE_LOADER = "$(TEST_HOST)";
				COPY_PHASE_STRIP = NO;
				INFOPLIST_FILE = verifyTests/Info.plist;
				IPHONEOS_DEPLOYMENT_TARGET = 12.0;
				LD_RUNPATH_SEARCH_PATHS = "$(inherited) @executable_path/Frameworks @loader_path/Frameworks";
				OTHER_LDFLAGS = (
					"-ObjC",
					"-lc++",
					"$(inherited)",
				);
				PRODUCT_BUNDLE_IDENTIFIER = "org.reactjs.native.example.$(PRODUCT_NAME:rfc1034identifier)";
				PRODUCT_NAME = "$(TARGET_NAME)";
				TEST_HOST = "$(BUILT_PRODUCTS_DIR)/verify.app/verify";
			};
			name = Release;
		};
		13B07F941A680F5B00A75B9A /* Debug */ = {
			isa = XCBuildConfiguration;
			baseConfigurationReference = DEB5A1C96B57DEF3F52D3531 /* Pods-verify.debug.xcconfig */;
			buildSettings = {
				APP_URL_SCHEME = "";
				"APP_URL_SCHEME[arch=*]" = hrtverify;
				ASSETCATALOG_COMPILER_APPICON_NAME = AppIcon;
				CLANG_ENABLE_MODULES = YES;
				CODE_SIGN_ENTITLEMENTS = verify/verify.entitlements;
				CURRENT_PROJECT_VERSION = 1;
				DEFINES_MODULE = NO;
				DEVELOPMENT_TEAM = YMD8HCA965;
				ENABLE_BITCODE = NO;
				INFOPLIST_FILE = verify/Info.plist;
				LD_RUNPATH_SEARCH_PATHS = "$(inherited) @executable_path/Frameworks";
				OTHER_LDFLAGS = (
					"$(inherited)",
					"-ObjC",
					"-lc++",
				);
				PRODUCT_BUNDLE_IDENTIFIER = com.hrt.verify;
				PRODUCT_NAME = "HRT Verify";
				SWIFT_OBJC_BRIDGING_HEADER = "verify-Bridging-Header.h";
				SWIFT_OBJC_INTERFACE_HEADER_NAME = "Verify-Swift.h";
				SWIFT_OPTIMIZATION_LEVEL = "-Onone";
				SWIFT_VERSION = 5.0;
				VERSIONING_SYSTEM = "apple-generic";
			};
			name = Debug;
		};
		13B07F951A680F5B00A75B9A /* Release */ = {
			isa = XCBuildConfiguration;
			baseConfigurationReference = 93CAB161E0D4AEE3B982C22F /* Pods-verify.release.xcconfig */;
			buildSettings = {
				APP_URL_SCHEME = "";
				"APP_URL_SCHEME[arch=*]" = hrtverify;
				ASSETCATALOG_COMPILER_APPICON_NAME = AppIcon;
				CLANG_ENABLE_MODULES = YES;
				CODE_SIGN_ENTITLEMENTS = verify/verify.entitlements;
				CURRENT_PROJECT_VERSION = 1;
				DEFINES_MODULE = NO;
				DEVELOPMENT_TEAM = YMD8HCA965;
				INFOPLIST_FILE = verify/Info.plist;
				LD_RUNPATH_SEARCH_PATHS = "$(inherited) @executable_path/Frameworks";
				OTHER_LDFLAGS = (
					"$(inherited)",
					"-ObjC",
					"-lc++",
				);
				PRODUCT_BUNDLE_IDENTIFIER = com.hrt.verify;
				PRODUCT_NAME = "HRT Verify";
				SWIFT_OBJC_BRIDGING_HEADER = "verify-Bridging-Header.h";
				SWIFT_OBJC_INTERFACE_HEADER_NAME = "Verify-Swift.h";
				SWIFT_VERSION = 5.0;
				VERSIONING_SYSTEM = "apple-generic";
			};
			name = Release;
		};
		2D02E4971E0B4A5E006451C7 /* Debug */ = {
			isa = XCBuildConfiguration;
			baseConfigurationReference = 4F8B638D02DBF3D92BDF4D24 /* Pods-verify-tvOS.debug.xcconfig */;
			buildSettings = {
				ASSETCATALOG_COMPILER_APPICON_NAME = "App Icon & Top Shelf Image";
				ASSETCATALOG_COMPILER_LAUNCHIMAGE_NAME = LaunchImage;
				CLANG_ANALYZER_NONNULL = YES;
				CLANG_WARN_DOCUMENTATION_COMMENTS = YES;
				CLANG_WARN_INFINITE_RECURSION = YES;
				CLANG_WARN_SUSPICIOUS_MOVE = YES;
				DEBUG_INFORMATION_FORMAT = dwarf;
				ENABLE_TESTABILITY = YES;
				GCC_NO_COMMON_BLOCKS = YES;
				INFOPLIST_FILE = "verify-tvOS/Info.plist";
				LD_RUNPATH_SEARCH_PATHS = "$(inherited) @executable_path/Frameworks";
				OTHER_LDFLAGS = (
					"$(inherited)",
					"-ObjC",
					"-lc++",
				);
				PRODUCT_BUNDLE_IDENTIFIER = "org.reactjs.native.example.verify-tvOS";
				PRODUCT_NAME = "$(TARGET_NAME)";
				SDKROOT = appletvos;
				TARGETED_DEVICE_FAMILY = 3;
				TVOS_DEPLOYMENT_TARGET = 12.0;
			};
			name = Debug;
		};
		2D02E4981E0B4A5E006451C7 /* Release */ = {
			isa = XCBuildConfiguration;
			baseConfigurationReference = 023896B7B6D9432867093D74 /* Pods-verify-tvOS.release.xcconfig */;
			buildSettings = {
				ASSETCATALOG_COMPILER_APPICON_NAME = "App Icon & Top Shelf Image";
				ASSETCATALOG_COMPILER_LAUNCHIMAGE_NAME = LaunchImage;
				CLANG_ANALYZER_NONNULL = YES;
				CLANG_WARN_DOCUMENTATION_COMMENTS = YES;
				CLANG_WARN_INFINITE_RECURSION = YES;
				CLANG_WARN_SUSPICIOUS_MOVE = YES;
				COPY_PHASE_STRIP = NO;
				DEBUG_INFORMATION_FORMAT = "dwarf-with-dsym";
				GCC_NO_COMMON_BLOCKS = YES;
				INFOPLIST_FILE = "verify-tvOS/Info.plist";
				LD_RUNPATH_SEARCH_PATHS = "$(inherited) @executable_path/Frameworks";
				OTHER_LDFLAGS = (
					"$(inherited)",
					"-ObjC",
					"-lc++",
				);
				PRODUCT_BUNDLE_IDENTIFIER = "org.reactjs.native.example.verify-tvOS";
				PRODUCT_NAME = "$(TARGET_NAME)";
				SDKROOT = appletvos;
				TARGETED_DEVICE_FAMILY = 3;
				TVOS_DEPLOYMENT_TARGET = 12.0;
			};
			name = Release;
		};
		2D02E4991E0B4A5E006451C7 /* Debug */ = {
			isa = XCBuildConfiguration;
			baseConfigurationReference = 8FC1AED476BD1CAEA3BCCC37 /* Pods-verify-tvOSTests.debug.xcconfig */;
			buildSettings = {
				BUNDLE_LOADER = "$(TEST_HOST)";
				CLANG_ANALYZER_NONNULL = YES;
				CLANG_WARN_DOCUMENTATION_COMMENTS = YES;
				CLANG_WARN_INFINITE_RECURSION = YES;
				CLANG_WARN_SUSPICIOUS_MOVE = YES;
				DEBUG_INFORMATION_FORMAT = dwarf;
				ENABLE_TESTABILITY = YES;
				GCC_NO_COMMON_BLOCKS = YES;
				INFOPLIST_FILE = "verify-tvOSTests/Info.plist";
				LD_RUNPATH_SEARCH_PATHS = "$(inherited) @executable_path/Frameworks @loader_path/Frameworks";
				OTHER_LDFLAGS = (
					"$(inherited)",
					"-ObjC",
					"-lc++",
				);
				PRODUCT_BUNDLE_IDENTIFIER = "org.reactjs.native.example.verify-tvOSTests";
				PRODUCT_NAME = "$(TARGET_NAME)";
				SDKROOT = appletvos;
				TEST_HOST = "$(BUILT_PRODUCTS_DIR)/verify-tvOS.app/verify-tvOS";
				TVOS_DEPLOYMENT_TARGET = 12.0;
			};
			name = Debug;
		};
		2D02E49A1E0B4A5E006451C7 /* Release */ = {
			isa = XCBuildConfiguration;
			baseConfigurationReference = 30DC1CB0E1B8B81E1F314B87 /* Pods-verify-tvOSTests.release.xcconfig */;
			buildSettings = {
				BUNDLE_LOADER = "$(TEST_HOST)";
				CLANG_ANALYZER_NONNULL = YES;
				CLANG_WARN_DOCUMENTATION_COMMENTS = YES;
				CLANG_WARN_INFINITE_RECURSION = YES;
				CLANG_WARN_SUSPICIOUS_MOVE = YES;
				COPY_PHASE_STRIP = NO;
				DEBUG_INFORMATION_FORMAT = "dwarf-with-dsym";
				GCC_NO_COMMON_BLOCKS = YES;
				INFOPLIST_FILE = "verify-tvOSTests/Info.plist";
				LD_RUNPATH_SEARCH_PATHS = "$(inherited) @executable_path/Frameworks @loader_path/Frameworks";
				OTHER_LDFLAGS = (
					"$(inherited)",
					"-ObjC",
					"-lc++",
				);
				PRODUCT_BUNDLE_IDENTIFIER = "org.reactjs.native.example.verify-tvOSTests";
				PRODUCT_NAME = "$(TARGET_NAME)";
				SDKROOT = appletvos;
				TEST_HOST = "$(BUILT_PRODUCTS_DIR)/verify-tvOS.app/verify-tvOS";
				TVOS_DEPLOYMENT_TARGET = 12.0;
			};
			name = Release;
		};
		83CBBA201A601CBA00E9B192 /* Debug */ = {
			isa = XCBuildConfiguration;
			buildSettings = {
				ALWAYS_SEARCH_USER_PATHS = NO;
				ASSETCATALOG_COMPILER_APPICON_NAME = AppIcon;
				CLANG_ANALYZER_LOCALIZABILITY_NONLOCALIZED = YES;
				CLANG_CXX_LANGUAGE_STANDARD = "gnu++0x";
				CLANG_CXX_LIBRARY = "libc++";
				CLANG_ENABLE_MODULES = YES;
				CLANG_ENABLE_OBJC_ARC = YES;
				CLANG_WARN_BLOCK_CAPTURE_AUTORELEASING = YES;
				CLANG_WARN_BOOL_CONVERSION = YES;
				CLANG_WARN_COMMA = YES;
				CLANG_WARN_CONSTANT_CONVERSION = YES;
				CLANG_WARN_DEPRECATED_OBJC_IMPLEMENTATIONS = YES;
				CLANG_WARN_DIRECT_OBJC_ISA_USAGE = YES_ERROR;
				CLANG_WARN_EMPTY_BODY = YES;
				CLANG_WARN_ENUM_CONVERSION = YES;
				CLANG_WARN_INFINITE_RECURSION = YES;
				CLANG_WARN_INT_CONVERSION = YES;
				CLANG_WARN_NON_LITERAL_NULL_CONVERSION = YES;
				CLANG_WARN_OBJC_IMPLICIT_RETAIN_SELF = YES;
				CLANG_WARN_OBJC_LITERAL_CONVERSION = YES;
				CLANG_WARN_OBJC_ROOT_CLASS = YES_ERROR;
				CLANG_WARN_QUOTED_INCLUDE_IN_FRAMEWORK_HEADER = YES;
				CLANG_WARN_RANGE_LOOP_ANALYSIS = YES;
				CLANG_WARN_STRICT_PROTOTYPES = YES;
				CLANG_WARN_SUSPICIOUS_MOVE = YES;
				CLANG_WARN_UNREACHABLE_CODE = YES;
				CLANG_WARN__DUPLICATE_METHOD_MATCH = YES;
				"CODE_SIGN_IDENTITY[sdk=iphoneos*]" = "iPhone Developer";
				COPY_PHASE_STRIP = NO;
				DEFINES_MODULE = NO;
				ENABLE_STRICT_OBJC_MSGSEND = YES;
				ENABLE_TESTABILITY = YES;
				GCC_C_LANGUAGE_STANDARD = gnu99;
				GCC_DYNAMIC_NO_PIC = NO;
				GCC_NO_COMMON_BLOCKS = YES;
				GCC_OPTIMIZATION_LEVEL = 0;
				GCC_PREPROCESSOR_DEFINITIONS = (
					"DEBUG=1",
					"$(inherited)",
				);
				GCC_SYMBOLS_PRIVATE_EXTERN = NO;
				GCC_WARN_64_TO_32_BIT_CONVERSION = YES;
				GCC_WARN_ABOUT_RETURN_TYPE = YES_ERROR;
				GCC_WARN_UNDECLARED_SELECTOR = YES;
				GCC_WARN_UNINITIALIZED_AUTOS = YES_AGGRESSIVE;
				GCC_WARN_UNUSED_FUNCTION = YES;
				GCC_WARN_UNUSED_VARIABLE = YES;
				IPHONEOS_DEPLOYMENT_TARGET = 12.0;
				LAUNCH_SCREEN_NAME = LaunchScreen;
				LD_RUNPATH_SEARCH_PATHS = "/usr/lib/swift $(inherited)";
				LIBRARY_SEARCH_PATHS = (
					"\"$(TOOLCHAIN_DIR)/usr/lib/swift/$(PLATFORM_NAME)\"",
					"\"$(TOOLCHAIN_DIR)/usr/lib/swift-5.0/$(PLATFORM_NAME)\"",
					"\"$(inherited)\"",
				);
				MTL_ENABLE_DEBUG_INFO = YES;
				ONLY_ACTIVE_ARCH = YES;
				PRODUCT_FLAVOR = highrise;
				SDKROOT = iphoneos;
			};
			name = Debug;
		};
		83CBBA211A601CBA00E9B192 /* Release */ = {
			isa = XCBuildConfiguration;
			buildSettings = {
				ALWAYS_SEARCH_USER_PATHS = NO;
				ASSETCATALOG_COMPILER_APPICON_NAME = AppIcon;
				CLANG_ANALYZER_LOCALIZABILITY_NONLOCALIZED = YES;
				CLANG_CXX_LANGUAGE_STANDARD = "gnu++0x";
				CLANG_CXX_LIBRARY = "libc++";
				CLANG_ENABLE_MODULES = YES;
				CLANG_ENABLE_OBJC_ARC = YES;
				CLANG_WARN_BLOCK_CAPTURE_AUTORELEASING = YES;
				CLANG_WARN_BOOL_CONVERSION = YES;
				CLANG_WARN_COMMA = YES;
				CLANG_WARN_CONSTANT_CONVERSION = YES;
				CLANG_WARN_DEPRECATED_OBJC_IMPLEMENTATIONS = YES;
				CLANG_WARN_DIRECT_OBJC_ISA_USAGE = YES_ERROR;
				CLANG_WARN_EMPTY_BODY = YES;
				CLANG_WARN_ENUM_CONVERSION = YES;
				CLANG_WARN_INFINITE_RECURSION = YES;
				CLANG_WARN_INT_CONVERSION = YES;
				CLANG_WARN_NON_LITERAL_NULL_CONVERSION = YES;
				CLANG_WARN_OBJC_IMPLICIT_RETAIN_SELF = YES;
				CLANG_WARN_OBJC_LITERAL_CONVERSION = YES;
				CLANG_WARN_OBJC_ROOT_CLASS = YES_ERROR;
				CLANG_WARN_QUOTED_INCLUDE_IN_FRAMEWORK_HEADER = YES;
				CLANG_WARN_RANGE_LOOP_ANALYSIS = YES;
				CLANG_WARN_STRICT_PROTOTYPES = YES;
				CLANG_WARN_SUSPICIOUS_MOVE = YES;
				CLANG_WARN_UNREACHABLE_CODE = YES;
				CLANG_WARN__DUPLICATE_METHOD_MATCH = YES;
				"CODE_SIGN_IDENTITY[sdk=iphoneos*]" = "iPhone Developer";
				COPY_PHASE_STRIP = YES;
				DEFINES_MODULE = NO;
				ENABLE_NS_ASSERTIONS = NO;
				ENABLE_STRICT_OBJC_MSGSEND = YES;
				GCC_C_LANGUAGE_STANDARD = gnu99;
				GCC_NO_COMMON_BLOCKS = YES;
				GCC_WARN_64_TO_32_BIT_CONVERSION = YES;
				GCC_WARN_ABOUT_RETURN_TYPE = YES_ERROR;
				GCC_WARN_UNDECLARED_SELECTOR = YES;
				GCC_WARN_UNINITIALIZED_AUTOS = YES_AGGRESSIVE;
				GCC_WARN_UNUSED_FUNCTION = YES;
				GCC_WARN_UNUSED_VARIABLE = YES;
				IPHONEOS_DEPLOYMENT_TARGET = 12.0;
				LAUNCH_SCREEN_NAME = LaunchScreen;
				LD_RUNPATH_SEARCH_PATHS = "/usr/lib/swift $(inherited)";
				LIBRARY_SEARCH_PATHS = (
					"\"$(TOOLCHAIN_DIR)/usr/lib/swift/$(PLATFORM_NAME)\"",
					"\"$(TOOLCHAIN_DIR)/usr/lib/swift-5.0/$(PLATFORM_NAME)\"",
					"\"$(inherited)\"",
				);
				MTL_ENABLE_DEBUG_INFO = NO;
				PRODUCT_FLAVOR = highrise;
				SDKROOT = iphoneos;
				SWIFT_COMPILATION_MODE = wholemodule;
				VALIDATE_PRODUCT = YES;
			};
			name = Release;
		};
		B67071FF26F35A8500CE822C /* DebugFBG */ = {
			isa = XCBuildConfiguration;
			buildSettings = {
				ALWAYS_SEARCH_USER_PATHS = NO;
				ASSETCATALOG_COMPILER_APPICON_NAME = AppIconFBG;
				CLANG_ANALYZER_LOCALIZABILITY_NONLOCALIZED = YES;
				CLANG_CXX_LANGUAGE_STANDARD = "gnu++0x";
				CLANG_CXX_LIBRARY = "libc++";
				CLANG_ENABLE_MODULES = YES;
				CLANG_ENABLE_OBJC_ARC = YES;
				CLANG_WARN_BLOCK_CAPTURE_AUTORELEASING = YES;
				CLANG_WARN_BOOL_CONVERSION = YES;
				CLANG_WARN_COMMA = YES;
				CLANG_WARN_CONSTANT_CONVERSION = YES;
				CLANG_WARN_DEPRECATED_OBJC_IMPLEMENTATIONS = YES;
				CLANG_WARN_DIRECT_OBJC_ISA_USAGE = YES_ERROR;
				CLANG_WARN_EMPTY_BODY = YES;
				CLANG_WARN_ENUM_CONVERSION = YES;
				CLANG_WARN_INFINITE_RECURSION = YES;
				CLANG_WARN_INT_CONVERSION = YES;
				CLANG_WARN_NON_LITERAL_NULL_CONVERSION = YES;
				CLANG_WARN_OBJC_IMPLICIT_RETAIN_SELF = YES;
				CLANG_WARN_OBJC_LITERAL_CONVERSION = YES;
				CLANG_WARN_OBJC_ROOT_CLASS = YES_ERROR;
				CLANG_WARN_QUOTED_INCLUDE_IN_FRAMEWORK_HEADER = YES;
				CLANG_WARN_RANGE_LOOP_ANALYSIS = YES;
				CLANG_WARN_STRICT_PROTOTYPES = YES;
				CLANG_WARN_SUSPICIOUS_MOVE = YES;
				CLANG_WARN_UNREACHABLE_CODE = YES;
				CLANG_WARN__DUPLICATE_METHOD_MATCH = YES;
				"CODE_SIGN_IDENTITY[sdk=iphoneos*]" = "iPhone Developer";
				COPY_PHASE_STRIP = NO;
				DEFINES_MODULE = NO;
				ENABLE_STRICT_OBJC_MSGSEND = YES;
				ENABLE_TESTABILITY = YES;
				GCC_C_LANGUAGE_STANDARD = gnu99;
				GCC_DYNAMIC_NO_PIC = NO;
				GCC_NO_COMMON_BLOCKS = YES;
				GCC_OPTIMIZATION_LEVEL = 0;
				GCC_PREPROCESSOR_DEFINITIONS = (
					"DEBUG=1",
					"$(inherited)",
				);
				GCC_SYMBOLS_PRIVATE_EXTERN = NO;
				GCC_WARN_64_TO_32_BIT_CONVERSION = YES;
				GCC_WARN_ABOUT_RETURN_TYPE = YES_ERROR;
				GCC_WARN_UNDECLARED_SELECTOR = YES;
				GCC_WARN_UNINITIALIZED_AUTOS = YES_AGGRESSIVE;
				GCC_WARN_UNUSED_FUNCTION = YES;
				GCC_WARN_UNUSED_VARIABLE = YES;
				IPHONEOS_DEPLOYMENT_TARGET = 12.0;
				LAUNCH_SCREEN_NAME = LaunchScreenFBG;
				LD_RUNPATH_SEARCH_PATHS = "/usr/lib/swift $(inherited)";
				LIBRARY_SEARCH_PATHS = (
					"\"$(TOOLCHAIN_DIR)/usr/lib/swift/$(PLATFORM_NAME)\"",
					"\"$(TOOLCHAIN_DIR)/usr/lib/swift-5.0/$(PLATFORM_NAME)\"",
					"\"$(inherited)\"",
				);
				MTL_ENABLE_DEBUG_INFO = YES;
				ONLY_ACTIVE_ARCH = YES;
				PRODUCT_FLAVOR = fidelity;
				SDKROOT = iphoneos;
			};
			name = DebugFBG;
		};
		B670720026F35A8500CE822C /* DebugFBG */ = {
			isa = XCBuildConfiguration;
			baseConfigurationReference = 4E07064DD2638352297DC0E2 /* Pods-verify.debugfbg.xcconfig */;
			buildSettings = {
				APP_URL_SCHEME = "";
				"APP_URL_SCHEME[arch=*]" = fbgverify;
				ASSETCATALOG_COMPILER_APPICON_NAME = AppIconFBG;
				CLANG_ENABLE_MODULES = YES;
				CODE_SIGN_ENTITLEMENTS = verify/verify.entitlements;
				CURRENT_PROJECT_VERSION = 1;
				DEFINES_MODULE = NO;
				DEVELOPMENT_TEAM = YMD8HCA965;
				ENABLE_BITCODE = NO;
				INFOPLIST_FILE = verify/Info.plist;
				LD_RUNPATH_SEARCH_PATHS = "$(inherited) @executable_path/Frameworks";
				OTHER_LDFLAGS = (
					"$(inherited)",
					"-ObjC",
					"-lc++",
				);
				PRODUCT_BUNDLE_IDENTIFIER = com.hrt.verify.fbg;
				PRODUCT_NAME = "FBG Verify";
				SWIFT_OBJC_BRIDGING_HEADER = "verify-Bridging-Header.h";
				SWIFT_OBJC_INTERFACE_HEADER_NAME = "Verify-Swift.h";
				SWIFT_OPTIMIZATION_LEVEL = "-Onone";
				SWIFT_VERSION = 5.0;
				VERSIONING_SYSTEM = "apple-generic";
			};
			name = DebugFBG;
		};
		B670720126F35A8500CE822C /* DebugFBG */ = {
			isa = XCBuildConfiguration;
			baseConfigurationReference = 503D9D49179922E69CAB81FA /* Pods-verify-verifyTests.debugfbg.xcconfig */;
			buildSettings = {
				ALWAYS_EMBED_SWIFT_STANDARD_LIBRARIES = YES;
				BUNDLE_LOADER = "$(TEST_HOST)";
				GCC_PREPROCESSOR_DEFINITIONS = (
					"DEBUG=1",
					"$(inherited)",
				);
				INFOPLIST_FILE = verifyTests/Info.plist;
				IPHONEOS_DEPLOYMENT_TARGET = 12.0;
				LD_RUNPATH_SEARCH_PATHS = "$(inherited) @executable_path/Frameworks @loader_path/Frameworks";
				OTHER_LDFLAGS = (
					"-ObjC",
					"-lc++",
					"$(inherited)",
				);
				PRODUCT_BUNDLE_IDENTIFIER = "org.reactjs.native.example.$(PRODUCT_NAME:rfc1034identifier)";
				PRODUCT_NAME = "$(TARGET_NAME)";
				TEST_HOST = "$(BUILT_PRODUCTS_DIR)/verify.app/verify";
			};
			name = DebugFBG;
		};
		B670720226F35A8500CE822C /* DebugFBG */ = {
			isa = XCBuildConfiguration;
			baseConfigurationReference = C44A4E24E7E941A318D5FED6 /* Pods-verify-tvOS.debugfbg.xcconfig */;
			buildSettings = {
				ASSETCATALOG_COMPILER_APPICON_NAME = "App Icon & Top Shelf Image";
				ASSETCATALOG_COMPILER_LAUNCHIMAGE_NAME = LaunchImage;
				CLANG_ANALYZER_NONNULL = YES;
				CLANG_WARN_DOCUMENTATION_COMMENTS = YES;
				CLANG_WARN_INFINITE_RECURSION = YES;
				CLANG_WARN_SUSPICIOUS_MOVE = YES;
				DEBUG_INFORMATION_FORMAT = dwarf;
				ENABLE_TESTABILITY = YES;
				GCC_NO_COMMON_BLOCKS = YES;
				INFOPLIST_FILE = "verify-tvOS/Info.plist";
				LD_RUNPATH_SEARCH_PATHS = "$(inherited) @executable_path/Frameworks";
				OTHER_LDFLAGS = (
					"$(inherited)",
					"-ObjC",
					"-lc++",
				);
				PRODUCT_BUNDLE_IDENTIFIER = "org.reactjs.native.example.verify-tvOS";
				PRODUCT_NAME = "$(TARGET_NAME)";
				SDKROOT = appletvos;
				TARGETED_DEVICE_FAMILY = 3;
				TVOS_DEPLOYMENT_TARGET = 12.0;
			};
			name = DebugFBG;
		};
		B670720326F35A8500CE822C /* DebugFBG */ = {
			isa = XCBuildConfiguration;
			baseConfigurationReference = E859F3CE02D167CE00172541 /* Pods-verify-tvOSTests.debugfbg.xcconfig */;
			buildSettings = {
				BUNDLE_LOADER = "$(TEST_HOST)";
				CLANG_ANALYZER_NONNULL = YES;
				CLANG_WARN_DOCUMENTATION_COMMENTS = YES;
				CLANG_WARN_INFINITE_RECURSION = YES;
				CLANG_WARN_SUSPICIOUS_MOVE = YES;
				DEBUG_INFORMATION_FORMAT = dwarf;
				ENABLE_TESTABILITY = YES;
				GCC_NO_COMMON_BLOCKS = YES;
				INFOPLIST_FILE = "verify-tvOSTests/Info.plist";
				LD_RUNPATH_SEARCH_PATHS = "$(inherited) @executable_path/Frameworks @loader_path/Frameworks";
				OTHER_LDFLAGS = (
					"$(inherited)",
					"-ObjC",
					"-lc++",
				);
				PRODUCT_BUNDLE_IDENTIFIER = "org.reactjs.native.example.verify-tvOSTests";
				PRODUCT_NAME = "$(TARGET_NAME)";
				SDKROOT = appletvos;
				TEST_HOST = "$(BUILT_PRODUCTS_DIR)/verify-tvOS.app/verify-tvOS";
				TVOS_DEPLOYMENT_TARGET = 12.0;
			};
			name = DebugFBG;
		};
		B670720426F35A9B00CE822C /* DebugAlfa */ = {
			isa = XCBuildConfiguration;
			buildSettings = {
				ALWAYS_SEARCH_USER_PATHS = NO;
				ASSETCATALOG_COMPILER_APPICON_NAME = AppIconBAFL;
				CLANG_ANALYZER_LOCALIZABILITY_NONLOCALIZED = YES;
				CLANG_CXX_LANGUAGE_STANDARD = "gnu++0x";
				CLANG_CXX_LIBRARY = "libc++";
				CLANG_ENABLE_MODULES = YES;
				CLANG_ENABLE_OBJC_ARC = YES;
				CLANG_WARN_BLOCK_CAPTURE_AUTORELEASING = YES;
				CLANG_WARN_BOOL_CONVERSION = YES;
				CLANG_WARN_COMMA = YES;
				CLANG_WARN_CONSTANT_CONVERSION = YES;
				CLANG_WARN_DEPRECATED_OBJC_IMPLEMENTATIONS = YES;
				CLANG_WARN_DIRECT_OBJC_ISA_USAGE = YES_ERROR;
				CLANG_WARN_EMPTY_BODY = YES;
				CLANG_WARN_ENUM_CONVERSION = YES;
				CLANG_WARN_INFINITE_RECURSION = YES;
				CLANG_WARN_INT_CONVERSION = YES;
				CLANG_WARN_NON_LITERAL_NULL_CONVERSION = YES;
				CLANG_WARN_OBJC_IMPLICIT_RETAIN_SELF = YES;
				CLANG_WARN_OBJC_LITERAL_CONVERSION = YES;
				CLANG_WARN_OBJC_ROOT_CLASS = YES_ERROR;
				CLANG_WARN_QUOTED_INCLUDE_IN_FRAMEWORK_HEADER = YES;
				CLANG_WARN_RANGE_LOOP_ANALYSIS = YES;
				CLANG_WARN_STRICT_PROTOTYPES = YES;
				CLANG_WARN_SUSPICIOUS_MOVE = YES;
				CLANG_WARN_UNREACHABLE_CODE = YES;
				CLANG_WARN__DUPLICATE_METHOD_MATCH = YES;
				"CODE_SIGN_IDENTITY[sdk=iphoneos*]" = "iPhone Developer";
				COPY_PHASE_STRIP = NO;
				DEFINES_MODULE = NO;
				ENABLE_STRICT_OBJC_MSGSEND = YES;
				ENABLE_TESTABILITY = YES;
				GCC_C_LANGUAGE_STANDARD = gnu99;
				GCC_DYNAMIC_NO_PIC = NO;
				GCC_NO_COMMON_BLOCKS = YES;
				GCC_OPTIMIZATION_LEVEL = 0;
				GCC_PREPROCESSOR_DEFINITIONS = (
					"DEBUG=1",
					"$(inherited)",
				);
				GCC_SYMBOLS_PRIVATE_EXTERN = NO;
				GCC_WARN_64_TO_32_BIT_CONVERSION = YES;
				GCC_WARN_ABOUT_RETURN_TYPE = YES_ERROR;
				GCC_WARN_UNDECLARED_SELECTOR = YES;
				GCC_WARN_UNINITIALIZED_AUTOS = YES_AGGRESSIVE;
				GCC_WARN_UNUSED_FUNCTION = YES;
				GCC_WARN_UNUSED_VARIABLE = YES;
				IPHONEOS_DEPLOYMENT_TARGET = 12.0;
				LAUNCH_SCREEN_NAME = LaunchScreenBAFL;
				LD_RUNPATH_SEARCH_PATHS = "/usr/lib/swift $(inherited)";
				LIBRARY_SEARCH_PATHS = (
					"\"$(TOOLCHAIN_DIR)/usr/lib/swift/$(PLATFORM_NAME)\"",
					"\"$(TOOLCHAIN_DIR)/usr/lib/swift-5.0/$(PLATFORM_NAME)\"",
					"\"$(inherited)\"",
				);
				MTL_ENABLE_DEBUG_INFO = YES;
				ONLY_ACTIVE_ARCH = YES;
				PRODUCT_FLAVOR = alfalah;
				SDKROOT = iphoneos;
			};
			name = DebugAlfa;
		};
		B670720526F35A9B00CE822C /* DebugAlfa */ = {
			isa = XCBuildConfiguration;
			baseConfigurationReference = BC20554A4B190304CEB1354F /* Pods-verify.debugalfa.xcconfig */;
			buildSettings = {
				APP_URL_SCHEME = "";
				"APP_URL_SCHEME[arch=*]" = baflverify;
				ASSETCATALOG_COMPILER_APPICON_NAME = AppIconBAFL;
				CLANG_ENABLE_MODULES = YES;
				CODE_SIGN_ENTITLEMENTS = verify/verify.entitlements;
				CURRENT_PROJECT_VERSION = 1;
				DEFINES_MODULE = NO;
				DEVELOPMENT_TEAM = YMD8HCA965;
				ENABLE_BITCODE = NO;
				INFOPLIST_FILE = verify/Info.plist;
				LD_RUNPATH_SEARCH_PATHS = "$(inherited) @executable_path/Frameworks";
				OTHER_LDFLAGS = (
					"$(inherited)",
					"-ObjC",
					"-lc++",
				);
				PRODUCT_BUNDLE_IDENTIFIER = com.hrt.verify.alfa;
				PRODUCT_NAME = "BAFL Verify";
				SWIFT_OBJC_BRIDGING_HEADER = "verify-Bridging-Header.h";
				SWIFT_OBJC_INTERFACE_HEADER_NAME = "Verify-Swift.h";
				SWIFT_OPTIMIZATION_LEVEL = "-Onone";
				SWIFT_VERSION = 5.0;
				VERSIONING_SYSTEM = "apple-generic";
			};
			name = DebugAlfa;
		};
		B670720626F35A9B00CE822C /* DebugAlfa */ = {
			isa = XCBuildConfiguration;
			baseConfigurationReference = 7B09153357C7AE82D7F45DC4 /* Pods-verify-verifyTests.debugalfa.xcconfig */;
			buildSettings = {
				ALWAYS_EMBED_SWIFT_STANDARD_LIBRARIES = YES;
				BUNDLE_LOADER = "$(TEST_HOST)";
				GCC_PREPROCESSOR_DEFINITIONS = (
					"DEBUG=1",
					"$(inherited)",
				);
				INFOPLIST_FILE = verifyTests/Info.plist;
				IPHONEOS_DEPLOYMENT_TARGET = 12.0;
				LD_RUNPATH_SEARCH_PATHS = "$(inherited) @executable_path/Frameworks @loader_path/Frameworks";
				OTHER_LDFLAGS = (
					"-ObjC",
					"-lc++",
					"$(inherited)",
				);
				PRODUCT_BUNDLE_IDENTIFIER = "org.reactjs.native.example.$(PRODUCT_NAME:rfc1034identifier)";
				PRODUCT_NAME = "$(TARGET_NAME)";
				TEST_HOST = "$(BUILT_PRODUCTS_DIR)/verify.app/verify";
			};
			name = DebugAlfa;
		};
		B670720726F35A9B00CE822C /* DebugAlfa */ = {
			isa = XCBuildConfiguration;
			baseConfigurationReference = 9C2C17FA8DE22AFCADF6B8B3 /* Pods-verify-tvOS.debugalfa.xcconfig */;
			buildSettings = {
				ASSETCATALOG_COMPILER_APPICON_NAME = "App Icon & Top Shelf Image";
				ASSETCATALOG_COMPILER_LAUNCHIMAGE_NAME = LaunchImage;
				CLANG_ANALYZER_NONNULL = YES;
				CLANG_WARN_DOCUMENTATION_COMMENTS = YES;
				CLANG_WARN_INFINITE_RECURSION = YES;
				CLANG_WARN_SUSPICIOUS_MOVE = YES;
				DEBUG_INFORMATION_FORMAT = dwarf;
				ENABLE_TESTABILITY = YES;
				GCC_NO_COMMON_BLOCKS = YES;
				INFOPLIST_FILE = "verify-tvOS/Info.plist";
				LD_RUNPATH_SEARCH_PATHS = "$(inherited) @executable_path/Frameworks";
				OTHER_LDFLAGS = (
					"$(inherited)",
					"-ObjC",
					"-lc++",
				);
				PRODUCT_BUNDLE_IDENTIFIER = "org.reactjs.native.example.verify-tvOS";
				PRODUCT_NAME = "$(TARGET_NAME)";
				SDKROOT = appletvos;
				TARGETED_DEVICE_FAMILY = 3;
				TVOS_DEPLOYMENT_TARGET = 12.0;
			};
			name = DebugAlfa;
		};
		B670720826F35A9B00CE822C /* DebugAlfa */ = {
			isa = XCBuildConfiguration;
			baseConfigurationReference = 915FF6897EB1EEA7334D5CB7 /* Pods-verify-tvOSTests.debugalfa.xcconfig */;
			buildSettings = {
				BUNDLE_LOADER = "$(TEST_HOST)";
				CLANG_ANALYZER_NONNULL = YES;
				CLANG_WARN_DOCUMENTATION_COMMENTS = YES;
				CLANG_WARN_INFINITE_RECURSION = YES;
				CLANG_WARN_SUSPICIOUS_MOVE = YES;
				DEBUG_INFORMATION_FORMAT = dwarf;
				ENABLE_TESTABILITY = YES;
				GCC_NO_COMMON_BLOCKS = YES;
				INFOPLIST_FILE = "verify-tvOSTests/Info.plist";
				LD_RUNPATH_SEARCH_PATHS = "$(inherited) @executable_path/Frameworks @loader_path/Frameworks";
				OTHER_LDFLAGS = (
					"$(inherited)",
					"-ObjC",
					"-lc++",
				);
				PRODUCT_BUNDLE_IDENTIFIER = "org.reactjs.native.example.verify-tvOSTests";
				PRODUCT_NAME = "$(TARGET_NAME)";
				SDKROOT = appletvos;
				TEST_HOST = "$(BUILT_PRODUCTS_DIR)/verify-tvOS.app/verify-tvOS";
				TVOS_DEPLOYMENT_TARGET = 12.0;
			};
			name = DebugAlfa;
		};
		B670720926F35AA600CE822C /* ReleaseAlfa */ = {
			isa = XCBuildConfiguration;
			buildSettings = {
				ALWAYS_SEARCH_USER_PATHS = NO;
				ASSETCATALOG_COMPILER_APPICON_NAME = AppIconBAFL;
				CLANG_ANALYZER_LOCALIZABILITY_NONLOCALIZED = YES;
				CLANG_CXX_LANGUAGE_STANDARD = "gnu++0x";
				CLANG_CXX_LIBRARY = "libc++";
				CLANG_ENABLE_MODULES = YES;
				CLANG_ENABLE_OBJC_ARC = YES;
				CLANG_WARN_BLOCK_CAPTURE_AUTORELEASING = YES;
				CLANG_WARN_BOOL_CONVERSION = YES;
				CLANG_WARN_COMMA = YES;
				CLANG_WARN_CONSTANT_CONVERSION = YES;
				CLANG_WARN_DEPRECATED_OBJC_IMPLEMENTATIONS = YES;
				CLANG_WARN_DIRECT_OBJC_ISA_USAGE = YES_ERROR;
				CLANG_WARN_EMPTY_BODY = YES;
				CLANG_WARN_ENUM_CONVERSION = YES;
				CLANG_WARN_INFINITE_RECURSION = YES;
				CLANG_WARN_INT_CONVERSION = YES;
				CLANG_WARN_NON_LITERAL_NULL_CONVERSION = YES;
				CLANG_WARN_OBJC_IMPLICIT_RETAIN_SELF = YES;
				CLANG_WARN_OBJC_LITERAL_CONVERSION = YES;
				CLANG_WARN_OBJC_ROOT_CLASS = YES_ERROR;
				CLANG_WARN_QUOTED_INCLUDE_IN_FRAMEWORK_HEADER = YES;
				CLANG_WARN_RANGE_LOOP_ANALYSIS = YES;
				CLANG_WARN_STRICT_PROTOTYPES = YES;
				CLANG_WARN_SUSPICIOUS_MOVE = YES;
				CLANG_WARN_UNREACHABLE_CODE = YES;
				CLANG_WARN__DUPLICATE_METHOD_MATCH = YES;
				"CODE_SIGN_IDENTITY[sdk=iphoneos*]" = "iPhone Developer";
				COPY_PHASE_STRIP = YES;
				DEFINES_MODULE = NO;
				ENABLE_NS_ASSERTIONS = NO;
				ENABLE_STRICT_OBJC_MSGSEND = YES;
				GCC_C_LANGUAGE_STANDARD = gnu99;
				GCC_NO_COMMON_BLOCKS = YES;
				GCC_WARN_64_TO_32_BIT_CONVERSION = YES;
				GCC_WARN_ABOUT_RETURN_TYPE = YES_ERROR;
				GCC_WARN_UNDECLARED_SELECTOR = YES;
				GCC_WARN_UNINITIALIZED_AUTOS = YES_AGGRESSIVE;
				GCC_WARN_UNUSED_FUNCTION = YES;
				GCC_WARN_UNUSED_VARIABLE = YES;
				IPHONEOS_DEPLOYMENT_TARGET = 12.0;
				LAUNCH_SCREEN_NAME = LaunchScreenBAFL;
				LD_RUNPATH_SEARCH_PATHS = "/usr/lib/swift $(inherited)";
				LIBRARY_SEARCH_PATHS = (
					"\"$(TOOLCHAIN_DIR)/usr/lib/swift/$(PLATFORM_NAME)\"",
					"\"$(TOOLCHAIN_DIR)/usr/lib/swift-5.0/$(PLATFORM_NAME)\"",
					"\"$(inherited)\"",
				);
				MTL_ENABLE_DEBUG_INFO = NO;
				PRODUCT_FLAVOR = alfalah;
				SDKROOT = iphoneos;
				SWIFT_COMPILATION_MODE = wholemodule;
				VALIDATE_PRODUCT = YES;
			};
			name = ReleaseAlfa;
		};
		B670720A26F35AA600CE822C /* ReleaseAlfa */ = {
			isa = XCBuildConfiguration;
			baseConfigurationReference = 00F39A729F76B9E193C5C39F /* Pods-verify.releasealfa.xcconfig */;
			buildSettings = {
				APP_URL_SCHEME = "";
				"APP_URL_SCHEME[arch=*]" = baflverify;
				ASSETCATALOG_COMPILER_APPICON_NAME = AppIconBAFL;
				CLANG_ENABLE_MODULES = YES;
				CODE_SIGN_ENTITLEMENTS = verify/verify.entitlements;
				CURRENT_PROJECT_VERSION = 1;
				DEFINES_MODULE = NO;
				DEVELOPMENT_TEAM = YMD8HCA965;
				INFOPLIST_FILE = verify/Info.plist;
				LD_RUNPATH_SEARCH_PATHS = "$(inherited) @executable_path/Frameworks";
				OTHER_LDFLAGS = (
					"$(inherited)",
					"-ObjC",
					"-lc++",
				);
				PRODUCT_BUNDLE_IDENTIFIER = com.hrt.verify.alfa;
				PRODUCT_NAME = "BAFL Verify";
				SWIFT_OBJC_BRIDGING_HEADER = "verify-Bridging-Header.h";
				SWIFT_OBJC_INTERFACE_HEADER_NAME = "Verify-Swift.h";
				SWIFT_VERSION = 5.0;
				VERSIONING_SYSTEM = "apple-generic";
			};
			name = ReleaseAlfa;
		};
		B670720B26F35AA600CE822C /* ReleaseAlfa */ = {
			isa = XCBuildConfiguration;
			baseConfigurationReference = A2DF9810313B2193BF6A3761 /* Pods-verify-verifyTests.releasealfa.xcconfig */;
			buildSettings = {
				ALWAYS_EMBED_SWIFT_STANDARD_LIBRARIES = YES;
				BUNDLE_LOADER = "$(TEST_HOST)";
				COPY_PHASE_STRIP = NO;
				INFOPLIST_FILE = verifyTests/Info.plist;
				IPHONEOS_DEPLOYMENT_TARGET = 12.0;
				LD_RUNPATH_SEARCH_PATHS = "$(inherited) @executable_path/Frameworks @loader_path/Frameworks";
				OTHER_LDFLAGS = (
					"-ObjC",
					"-lc++",
					"$(inherited)",
				);
				PRODUCT_BUNDLE_IDENTIFIER = "org.reactjs.native.example.$(PRODUCT_NAME:rfc1034identifier)";
				PRODUCT_NAME = "$(TARGET_NAME)";
				TEST_HOST = "$(BUILT_PRODUCTS_DIR)/verify.app/verify";
			};
			name = ReleaseAlfa;
		};
		B670720C26F35AA600CE822C /* ReleaseAlfa */ = {
			isa = XCBuildConfiguration;
			baseConfigurationReference = 03BD46C91662E50B4A2E6950 /* Pods-verify-tvOS.releasealfa.xcconfig */;
			buildSettings = {
				ASSETCATALOG_COMPILER_APPICON_NAME = "App Icon & Top Shelf Image";
				ASSETCATALOG_COMPILER_LAUNCHIMAGE_NAME = LaunchImage;
				CLANG_ANALYZER_NONNULL = YES;
				CLANG_WARN_DOCUMENTATION_COMMENTS = YES;
				CLANG_WARN_INFINITE_RECURSION = YES;
				CLANG_WARN_SUSPICIOUS_MOVE = YES;
				COPY_PHASE_STRIP = NO;
				DEBUG_INFORMATION_FORMAT = "dwarf-with-dsym";
				GCC_NO_COMMON_BLOCKS = YES;
				INFOPLIST_FILE = "verify-tvOS/Info.plist";
				LD_RUNPATH_SEARCH_PATHS = "$(inherited) @executable_path/Frameworks";
				OTHER_LDFLAGS = (
					"$(inherited)",
					"-ObjC",
					"-lc++",
				);
				PRODUCT_BUNDLE_IDENTIFIER = "org.reactjs.native.example.verify-tvOS";
				PRODUCT_NAME = "$(TARGET_NAME)";
				SDKROOT = appletvos;
				TARGETED_DEVICE_FAMILY = 3;
				TVOS_DEPLOYMENT_TARGET = 12.0;
			};
			name = ReleaseAlfa;
		};
		B670720D26F35AA600CE822C /* ReleaseAlfa */ = {
			isa = XCBuildConfiguration;
			baseConfigurationReference = 03672168C15D7591D66E6EFD /* Pods-verify-tvOSTests.releasealfa.xcconfig */;
			buildSettings = {
				BUNDLE_LOADER = "$(TEST_HOST)";
				CLANG_ANALYZER_NONNULL = YES;
				CLANG_WARN_DOCUMENTATION_COMMENTS = YES;
				CLANG_WARN_INFINITE_RECURSION = YES;
				CLANG_WARN_SUSPICIOUS_MOVE = YES;
				COPY_PHASE_STRIP = NO;
				DEBUG_INFORMATION_FORMAT = "dwarf-with-dsym";
				GCC_NO_COMMON_BLOCKS = YES;
				INFOPLIST_FILE = "verify-tvOSTests/Info.plist";
				LD_RUNPATH_SEARCH_PATHS = "$(inherited) @executable_path/Frameworks @loader_path/Frameworks";
				OTHER_LDFLAGS = (
					"$(inherited)",
					"-ObjC",
					"-lc++",
				);
				PRODUCT_BUNDLE_IDENTIFIER = "org.reactjs.native.example.verify-tvOSTests";
				PRODUCT_NAME = "$(TARGET_NAME)";
				SDKROOT = appletvos;
				TEST_HOST = "$(BUILT_PRODUCTS_DIR)/verify-tvOS.app/verify-tvOS";
				TVOS_DEPLOYMENT_TARGET = 12.0;
			};
			name = ReleaseAlfa;
		};
		B670720E26F35AB900CE822C /* ReleaseFBG */ = {
			isa = XCBuildConfiguration;
			buildSettings = {
				ALWAYS_SEARCH_USER_PATHS = NO;
				ASSETCATALOG_COMPILER_APPICON_NAME = AppIconFBG;
				CLANG_ANALYZER_LOCALIZABILITY_NONLOCALIZED = YES;
				CLANG_CXX_LANGUAGE_STANDARD = "gnu++0x";
				CLANG_CXX_LIBRARY = "libc++";
				CLANG_ENABLE_MODULES = YES;
				CLANG_ENABLE_OBJC_ARC = YES;
				CLANG_WARN_BLOCK_CAPTURE_AUTORELEASING = YES;
				CLANG_WARN_BOOL_CONVERSION = YES;
				CLANG_WARN_COMMA = YES;
				CLANG_WARN_CONSTANT_CONVERSION = YES;
				CLANG_WARN_DEPRECATED_OBJC_IMPLEMENTATIONS = YES;
				CLANG_WARN_DIRECT_OBJC_ISA_USAGE = YES_ERROR;
				CLANG_WARN_EMPTY_BODY = YES;
				CLANG_WARN_ENUM_CONVERSION = YES;
				CLANG_WARN_INFINITE_RECURSION = YES;
				CLANG_WARN_INT_CONVERSION = YES;
				CLANG_WARN_NON_LITERAL_NULL_CONVERSION = YES;
				CLANG_WARN_OBJC_IMPLICIT_RETAIN_SELF = YES;
				CLANG_WARN_OBJC_LITERAL_CONVERSION = YES;
				CLANG_WARN_OBJC_ROOT_CLASS = YES_ERROR;
				CLANG_WARN_QUOTED_INCLUDE_IN_FRAMEWORK_HEADER = YES;
				CLANG_WARN_RANGE_LOOP_ANALYSIS = YES;
				CLANG_WARN_STRICT_PROTOTYPES = YES;
				CLANG_WARN_SUSPICIOUS_MOVE = YES;
				CLANG_WARN_UNREACHABLE_CODE = YES;
				CLANG_WARN__DUPLICATE_METHOD_MATCH = YES;
				"CODE_SIGN_IDENTITY[sdk=iphoneos*]" = "iPhone Developer";
				COPY_PHASE_STRIP = YES;
				DEFINES_MODULE = NO;
				ENABLE_NS_ASSERTIONS = NO;
				ENABLE_STRICT_OBJC_MSGSEND = YES;
				GCC_C_LANGUAGE_STANDARD = gnu99;
				GCC_NO_COMMON_BLOCKS = YES;
				GCC_WARN_64_TO_32_BIT_CONVERSION = YES;
				GCC_WARN_ABOUT_RETURN_TYPE = YES_ERROR;
				GCC_WARN_UNDECLARED_SELECTOR = YES;
				GCC_WARN_UNINITIALIZED_AUTOS = YES_AGGRESSIVE;
				GCC_WARN_UNUSED_FUNCTION = YES;
				GCC_WARN_UNUSED_VARIABLE = YES;
				IPHONEOS_DEPLOYMENT_TARGET = 12.0;
				LAUNCH_SCREEN_NAME = LaunchScreenFBG;
				LD_RUNPATH_SEARCH_PATHS = "/usr/lib/swift $(inherited)";
				LIBRARY_SEARCH_PATHS = (
					"\"$(TOOLCHAIN_DIR)/usr/lib/swift/$(PLATFORM_NAME)\"",
					"\"$(TOOLCHAIN_DIR)/usr/lib/swift-5.0/$(PLATFORM_NAME)\"",
					"\"$(inherited)\"",
				);
				MTL_ENABLE_DEBUG_INFO = NO;
				PRODUCT_FLAVOR = fidelity;
				SDKROOT = iphoneos;
				SWIFT_COMPILATION_MODE = wholemodule;
				VALIDATE_PRODUCT = YES;
			};
			name = ReleaseFBG;
		};
		B670720F26F35AB900CE822C /* ReleaseFBG */ = {
			isa = XCBuildConfiguration;
			baseConfigurationReference = 33CCC7F46F7EAE7A379651BF /* Pods-verify.releasefbg.xcconfig */;
			buildSettings = {
				APP_URL_SCHEME = "";
				"APP_URL_SCHEME[arch=*]" = fbgverify;
				ASSETCATALOG_COMPILER_APPICON_NAME = AppIconFBG;
				CLANG_ENABLE_MODULES = YES;
				CODE_SIGN_ENTITLEMENTS = verify/verify.entitlements;
				CURRENT_PROJECT_VERSION = 1;
				DEFINES_MODULE = NO;
				DEVELOPMENT_TEAM = YMD8HCA965;
				INFOPLIST_FILE = verify/Info.plist;
				LD_RUNPATH_SEARCH_PATHS = "$(inherited) @executable_path/Frameworks";
				OTHER_LDFLAGS = (
					"$(inherited)",
					"-ObjC",
					"-lc++",
				);
				PRODUCT_BUNDLE_IDENTIFIER = com.hrt.verify.fbg;
				PRODUCT_NAME = "FBG Verify";
				SWIFT_OBJC_BRIDGING_HEADER = "verify-Bridging-Header.h";
				SWIFT_OBJC_INTERFACE_HEADER_NAME = "Verify-Swift.h";
				SWIFT_VERSION = 5.0;
				VERSIONING_SYSTEM = "apple-generic";
			};
			name = ReleaseFBG;
		};
		B670721026F35AB900CE822C /* ReleaseFBG */ = {
			isa = XCBuildConfiguration;
			baseConfigurationReference = DA64AD7AF5FDAB072B2C6E6B /* Pods-verify-verifyTests.releasefbg.xcconfig */;
			buildSettings = {
				ALWAYS_EMBED_SWIFT_STANDARD_LIBRARIES = YES;
				BUNDLE_LOADER = "$(TEST_HOST)";
				COPY_PHASE_STRIP = NO;
				INFOPLIST_FILE = verifyTests/Info.plist;
				IPHONEOS_DEPLOYMENT_TARGET = 12.0;
				LD_RUNPATH_SEARCH_PATHS = "$(inherited) @executable_path/Frameworks @loader_path/Frameworks";
				OTHER_LDFLAGS = (
					"-ObjC",
					"-lc++",
					"$(inherited)",
				);
				PRODUCT_BUNDLE_IDENTIFIER = "org.reactjs.native.example.$(PRODUCT_NAME:rfc1034identifier)";
				PRODUCT_NAME = "$(TARGET_NAME)";
				TEST_HOST = "$(BUILT_PRODUCTS_DIR)/verify.app/verify";
			};
			name = ReleaseFBG;
		};
		B670721126F35AB900CE822C /* ReleaseFBG */ = {
			isa = XCBuildConfiguration;
			baseConfigurationReference = 1D4DF8B8357EF0D2E5D7C948 /* Pods-verify-tvOS.releasefbg.xcconfig */;
			buildSettings = {
				ASSETCATALOG_COMPILER_APPICON_NAME = "App Icon & Top Shelf Image";
				ASSETCATALOG_COMPILER_LAUNCHIMAGE_NAME = LaunchImage;
				CLANG_ANALYZER_NONNULL = YES;
				CLANG_WARN_DOCUMENTATION_COMMENTS = YES;
				CLANG_WARN_INFINITE_RECURSION = YES;
				CLANG_WARN_SUSPICIOUS_MOVE = YES;
				COPY_PHASE_STRIP = NO;
				DEBUG_INFORMATION_FORMAT = "dwarf-with-dsym";
				GCC_NO_COMMON_BLOCKS = YES;
				INFOPLIST_FILE = "verify-tvOS/Info.plist";
				LD_RUNPATH_SEARCH_PATHS = "$(inherited) @executable_path/Frameworks";
				OTHER_LDFLAGS = (
					"$(inherited)",
					"-ObjC",
					"-lc++",
				);
				PRODUCT_BUNDLE_IDENTIFIER = "org.reactjs.native.example.verify-tvOS";
				PRODUCT_NAME = "$(TARGET_NAME)";
				SDKROOT = appletvos;
				TARGETED_DEVICE_FAMILY = 3;
				TVOS_DEPLOYMENT_TARGET = 12.0;
			};
			name = ReleaseFBG;
		};
		B670721226F35AB900CE822C /* ReleaseFBG */ = {
			isa = XCBuildConfiguration;
			baseConfigurationReference = B45126F55968461D7C02419A /* Pods-verify-tvOSTests.releasefbg.xcconfig */;
			buildSettings = {
				BUNDLE_LOADER = "$(TEST_HOST)";
				CLANG_ANALYZER_NONNULL = YES;
				CLANG_WARN_DOCUMENTATION_COMMENTS = YES;
				CLANG_WARN_INFINITE_RECURSION = YES;
				CLANG_WARN_SUSPICIOUS_MOVE = YES;
				COPY_PHASE_STRIP = NO;
				DEBUG_INFORMATION_FORMAT = "dwarf-with-dsym";
				GCC_NO_COMMON_BLOCKS = YES;
				INFOPLIST_FILE = "verify-tvOSTests/Info.plist";
				LD_RUNPATH_SEARCH_PATHS = "$(inherited) @executable_path/Frameworks @loader_path/Frameworks";
				OTHER_LDFLAGS = (
					"$(inherited)",
					"-ObjC",
					"-lc++",
				);
				PRODUCT_BUNDLE_IDENTIFIER = "org.reactjs.native.example.verify-tvOSTests";
				PRODUCT_NAME = "$(TARGET_NAME)";
				SDKROOT = appletvos;
				TEST_HOST = "$(BUILT_PRODUCTS_DIR)/verify-tvOS.app/verify-tvOS";
				TVOS_DEPLOYMENT_TARGET = 12.0;
			};
			name = ReleaseFBG;
		};
/* End XCBuildConfiguration section */

/* Begin XCConfigurationList section */
		00E357021AD99517003FC87E /* Build configuration list for PBXNativeTarget "verifyTests" */ = {
			isa = XCConfigurationList;
			buildConfigurations = (
				00E356F61AD99517003FC87E /* Debug */,
				B670720626F35A9B00CE822C /* DebugAlfa */,
				B670720126F35A8500CE822C /* DebugFBG */,
				00E356F71AD99517003FC87E /* Release */,
				B670720B26F35AA600CE822C /* ReleaseAlfa */,
				B670721026F35AB900CE822C /* ReleaseFBG */,
			);
			defaultConfigurationIsVisible = 0;
			defaultConfigurationName = Release;
		};
		13B07F931A680F5B00A75B9A /* Build configuration list for PBXNativeTarget "verify" */ = {
			isa = XCConfigurationList;
			buildConfigurations = (
				13B07F941A680F5B00A75B9A /* Debug */,
				B670720526F35A9B00CE822C /* DebugAlfa */,
				B670720026F35A8500CE822C /* DebugFBG */,
				13B07F951A680F5B00A75B9A /* Release */,
				B670720A26F35AA600CE822C /* ReleaseAlfa */,
				B670720F26F35AB900CE822C /* ReleaseFBG */,
			);
			defaultConfigurationIsVisible = 0;
			defaultConfigurationName = Release;
		};
		2D02E4BA1E0B4A5E006451C7 /* Build configuration list for PBXNativeTarget "verify-tvOS" */ = {
			isa = XCConfigurationList;
			buildConfigurations = (
				2D02E4971E0B4A5E006451C7 /* Debug */,
				B670720726F35A9B00CE822C /* DebugAlfa */,
				B670720226F35A8500CE822C /* DebugFBG */,
				2D02E4981E0B4A5E006451C7 /* Release */,
				B670720C26F35AA600CE822C /* ReleaseAlfa */,
				B670721126F35AB900CE822C /* ReleaseFBG */,
			);
			defaultConfigurationIsVisible = 0;
			defaultConfigurationName = Release;
		};
		2D02E4BB1E0B4A5E006451C7 /* Build configuration list for PBXNativeTarget "verify-tvOSTests" */ = {
			isa = XCConfigurationList;
			buildConfigurations = (
				2D02E4991E0B4A5E006451C7 /* Debug */,
				B670720826F35A9B00CE822C /* DebugAlfa */,
				B670720326F35A8500CE822C /* DebugFBG */,
				2D02E49A1E0B4A5E006451C7 /* Release */,
				B670720D26F35AA600CE822C /* ReleaseAlfa */,
				B670721226F35AB900CE822C /* ReleaseFBG */,
			);
			defaultConfigurationIsVisible = 0;
			defaultConfigurationName = Release;
		};
		83CBB9FA1A601CBA00E9B192 /* Build configuration list for PBXProject "verify" */ = {
			isa = XCConfigurationList;
			buildConfigurations = (
				83CBBA201A601CBA00E9B192 /* Debug */,
				B670720426F35A9B00CE822C /* DebugAlfa */,
				B67071FF26F35A8500CE822C /* DebugFBG */,
				83CBBA211A601CBA00E9B192 /* Release */,
				B670720926F35AA600CE822C /* ReleaseAlfa */,
				B670720E26F35AB900CE822C /* ReleaseFBG */,
			);
			defaultConfigurationIsVisible = 0;
			defaultConfigurationName = Release;
		};
/* End XCConfigurationList section */
	};
	rootObject = 83CBB9F71A601CBA00E9B192 /* Project object */;
}
